{"version":4,"terraform_version":"1.11.3","serial":1,"lineage":"318c5dca-c837-ca2c-3080-60db5d610343","outputs":{},"resources":[{"mode":"data","type":"aws_vpc","name":"pond_vpc","provider":"provider[\"registry.opentofu.org/hashicorp/aws\"]","instances":[{"schema_version":0,"attributes":{"arn":"arn:aws:ec2:eu-central-1:230355213662:vpc/vpc-0f3b8e31600886d09","cidr_block":"172.31.0.0/16","cidr_block_associations":[{"association_id":"vpc-cidr-assoc-0f9f2e86efefdc033","cidr_block":"172.31.0.0/16","state":"associated"}],"default":true,"dhcp_options_id":"dopt-0257e3f96a40fc123","enable_dns_hostnames":true,"enable_dns_support":true,"enable_network_address_usage_metrics":false,"filter":null,"id":"vpc-0f3b8e31600886d09","instance_tenancy":"default","ipv6_association_id":"","ipv6_cidr_block":"","main_route_table_id":"rtb-068be64fde41e4ba3","owner_id":"230355213662","state":null,"tags":{},"timeouts":null},"sensitive_attributes":[]}]},{"mode":"managed","type":"aws_dynamodb_table","name":"state_lock_table","provider":"provider[\"registry.opentofu.org/hashicorp/aws\"]","instances":[{"schema_version":1,"attributes":{"arn":"arn:aws:dynamodb:eu-central-1:230355213662:table/terraform_state_lock","attribute":[{"name":"LockID","type":"S"}],"billing_mode":"PAY_PER_REQUEST","deletion_protection_enabled":false,"global_secondary_index":[],"hash_key":"LockID","id":"terraform_state_lock","import_table":[],"local_secondary_index":[],"name":"terraform_state_lock","point_in_time_recovery":[{"enabled":false}],"range_key":null,"read_capacity":0,"replica":[],"restore_date_time":null,"restore_source_name":null,"restore_source_table_arn":null,"restore_to_latest_time":null,"server_side_encryption":[],"stream_arn":"","stream_enabled":false,"stream_label":"","stream_view_type":"","table_class":"STANDARD","tags":null,"tags_all":{},"timeouts":null,"ttl":[{"attribute_name":"","enabled":false}],"write_capacity":0},"sensitive_attributes":[],"private":"eyJlMmJmYjczMC1lY2FhLTExZTYtOGY4OC0zNDM2M2JjN2M0YzAiOnsiY3JlYXRlIjoxODAwMDAwMDAwMDAwLCJkZWxldGUiOjYwMDAwMDAwMDAwMCwidXBkYXRlIjozNjAwMDAwMDAwMDAwfSwic2NoZW1hX3ZlcnNpb24iOiIxIn0="}]},{"mode":"managed","type":"aws_s3_bucket","name":"terraform-state","provider":"provider[\"registry.opentofu.org/hashicorp/aws\"]","instances":[{"schema_version":0,"attributes":{"acceleration_status":"","acl":null,"arn":"arn:aws:s3:::terraform-state-pond-two-76045495","bucket":"terraform-state-pond-two-76045495","bucket_domain_name":"terraform-state-pond-two-76045495.s3.amazonaws.com","bucket_prefix":"","bucket_regional_domain_name":"terraform-state-pond-two-76045495.s3.eu-central-1.amazonaws.com","cors_rule":[],"force_destroy":false,"grant":[{"id":"547812a0511f31090d56043ae1bad04a43d99e13aad244e946d4f9a40c0b8cac","permissions":["FULL_CONTROL"],"type":"CanonicalUser","uri":""}],"hosted_zone_id":"Z21DNDUVLTQW6Q","id":"terraform-state-pond-two-76045495","lifecycle_rule":[],"logging":[],"object_lock_configuration":[],"object_lock_enabled":false,"policy":"","region":"eu-central-1","replication_configuration":[],"request_payer":"BucketOwner","server_side_encryption_configuration":[{"rule":[{"apply_server_side_encryption_by_default":[{"kms_master_key_id":"","sse_algorithm":"AES256"}],"bucket_key_enabled":false}]}],"tags":null,"tags_all":{},"timeouts":null,"versioning":[{"enabled":false,"mfa_delete":false}],"website":[],"website_domain":null,"website_endpoint":null},"sensitive_attributes":[],"private":"eyJlMmJmYjczMC1lY2FhLTExZTYtOGY4OC0zNDM2M2JjN2M0YzAiOnsiY3JlYXRlIjoxMjAwMDAwMDAwMDAwLCJkZWxldGUiOjM2MDAwMDAwMDAwMDAsInJlYWQiOjEyMDAwMDAwMDAwMDAsInVwZGF0ZSI6MTIwMDAwMDAwMDAwMH19","dependencies":["random_id.bucket_suffix"]}]},{"mode":"managed","type":"aws_s3_bucket_public_access_block","name":"terraform-state","provider":"provider[\"registry.opentofu.org/hashicorp/aws\"]","instances":[{"schema_version":0,"attributes":{"block_public_acls":true,"block_public_policy":true,"bucket":"terraform-state-pond-two-76045495","id":"terraform-state-pond-two-76045495","ignore_public_acls":true,"restrict_public_buckets":true},"sensitive_attributes":[],"private":"bnVsbA==","dependencies":["aws_s3_bucket.terraform-state","random_id.bucket_suffix"]}]},{"mode":"managed","type":"aws_s3_bucket_server_side_encryption_configuration","name":"terraform-state","provider":"provider[\"registry.opentofu.org/hashicorp/aws\"]","instances":[{"schema_version":0,"attributes":{"bucket":"terraform-state-pond-two-76045495","expected_bucket_owner":"","id":"terraform-state-pond-two-76045495","rule":[{"apply_server_side_encryption_by_default":[{"kms_master_key_id":"","sse_algorithm":"AES256"}],"bucket_key_enabled":null}]},"sensitive_attributes":[],"private":"bnVsbA==","dependencies":["aws_s3_bucket.terraform-state","random_id.bucket_suffix"]}]},{"mode":"managed","type":"aws_s3_bucket_versioning","name":"terraform-state","provider":"provider[\"registry.opentofu.org/hashicorp/aws\"]","instances":[{"schema_version":0,"attributes":{"bucket":"terraform-state-pond-two-76045495","expected_bucket_owner":"","id":"terraform-state-pond-two-76045495","mfa":null,"versioning_configuration":[{"mfa_delete":"","status":"Enabled"}]},"sensitive_attributes":[],"private":"bnVsbA==","dependencies":["aws_s3_bucket.terraform-state","random_id.bucket_suffix"]}]},{"mode":"managed","type":"random_id","name":"bucket_suffix","provider":"provider[\"registry.opentofu.org/hashicorp/random\"]","instances":[{"schema_version":0,"attributes":{"b64_std":"dgRUlQ==","b64_url":"dgRUlQ","byte_length":4,"dec":"1979995285","hex":"76045495","id":"dgRUlQ","keepers":null,"prefix":null},"sensitive_attributes":[]}]}],"check_results":null}
