{"version":4,"terraform_version":"1.11.3","serial":3,"lineage":"f670591c-b87d-9981-7fe6-991763ecca21","outputs":{"ec2_private_key_path":{"value":"./ec2-sandbox-key.pem","type":"string","sensitive":true},"ec2_public_ip":{"value":"63.184.123.88","type":"string"},"ec2_ssh_command":{"value":"ssh -i ./ec2-sandbox-key.pem ec2-user@63.184.123.88","type":"string"},"midtier_access_instructions":{"value":"# Von der Public EC2 aus:\nssh -i ./ec2-sandbox-key.pem ec2-user@63.184.123.88\n\n# Dann auf der Public EC2:\nping 172.31.57.52\nssh ec2-user@172.31.57.52\ncurl http://172.31.57.52\n","type":"string"},"midtier_ec2_private_ip":{"value":"172.31.57.52","type":"string"},"midtier_ssh_command":{"value":"ssh -i ./ec2-sandbox-key.pem -J ec2-user@63.184.123.88 ec2-user@172.31.57.52","type":"string"},"midtier_subnet_id":{"value":"subnet-0aeb1361b3bf939a0","type":"string"},"terraform_state_bucket_name":{"value":"terraform-state-pond-two-4c29f00e","type":"string"},"terraform_state_lock_table_name":{"value":"terraform_state_lock","type":"string"}},"resources":[{"mode":"data","type":"aws_availability_zones","name":"available","provider":"provider[\"registry.opentofu.org/hashicorp/aws\"]","instances":[{"schema_version":0,"attributes":{"all_availability_zones":null,"exclude_names":null,"exclude_zone_ids":null,"filter":null,"group_names":["eu-central-1-zg-1"],"id":"eu-central-1","names":["eu-central-1a","eu-central-1b","eu-central-1c"],"state":"available","timeouts":null,"zone_ids":["euc1-az2","euc1-az3","euc1-az1"]},"sensitive_attributes":[]}]},{"mode":"data","type":"aws_route_tables","name":"pond_route_tables","provider":"provider[\"registry.opentofu.org/hashicorp/aws\"]","instances":[{"schema_version":0,"attributes":{"filter":null,"id":"eu-central-1","ids":["rtb-07ea90cfe9d51dbd3","rtb-0a4fbbeb8911b8630"],"tags":null,"timeouts":null,"vpc_id":"vpc-0e82e458f37f9dddb"},"sensitive_attributes":[]}]},{"mode":"data","type":"aws_subnets","name":"pond_subnets","provider":"provider[\"registry.opentofu.org/hashicorp/aws\"]","instances":[{"schema_version":0,"attributes":{"filter":[{"name":"vpc-id","values":["vpc-0e82e458f37f9dddb"]}],"id":"eu-central-1","ids":["subnet-089cd8673acd178e4","subnet-0607038691b30aec2","subnet-05cba4dae60954ca9","subnet-04ffbc713d6a2d860","subnet-0aeb1361b3bf939a0"],"tags":null,"timeouts":null},"sensitive_attributes":[]}]},{"mode":"data","type":"aws_vpc","name":"pond_vpc","provider":"provider[\"registry.opentofu.org/hashicorp/aws\"]","instances":[{"schema_version":0,"attributes":{"arn":"arn:aws:ec2:eu-central-1:213682563326:vpc/vpc-0e82e458f37f9dddb","cidr_block":"172.31.0.0/16","cidr_block_associations":[{"association_id":"vpc-cidr-assoc-0bd1ed63b8292c7da","cidr_block":"172.31.0.0/16","state":"associated"}],"default":true,"dhcp_options_id":"dopt-04c521537fe5f23bf","enable_dns_hostnames":true,"enable_dns_support":true,"enable_network_address_usage_metrics":false,"filter":null,"id":"vpc-0e82e458f37f9dddb","instance_tenancy":"default","ipv6_association_id":"","ipv6_cidr_block":"","main_route_table_id":"rtb-07ea90cfe9d51dbd3","owner_id":"213682563326","state":null,"tags":{},"timeouts":null},"sensitive_attributes":[]}]},{"mode":"managed","type":"aws_cloudwatch_log_group","name":"ecs_log_group","provider":"provider[\"registry.opentofu.org/hashicorp/aws\"]","instances":[{"schema_version":0,"attributes":{"arn":"arn:aws:logs:eu-central-1:213682563326:log-group:/ecs/nginx","id":"/ecs/nginx","kms_key_id":"","log_group_class":"STANDARD","name":"/ecs/nginx","name_prefix":"","retention_in_days":7,"skip_destroy":false,"tags":{},"tags_all":{}},"sensitive_attributes":[],"private":"bnVsbA=="}]},{"mode":"managed","type":"aws_cloudwatch_log_metric_filter","name":"nginx_200_responses","provider":"provider[\"registry.opentofu.org/hashicorp/aws\"]","instances":[{"schema_version":0,"attributes":{"id":"nginx-200-responses","log_group_name":"/ecs/nginx","metric_transformation":[{"default_value":"0","dimensions":{},"name":"Nginx200Responses","namespace":"NginxMonitoring","unit":"None","value":"1"}],"name":"nginx-200-responses","pattern":"[ip, id, user, timestamp, request, status_code=200, size]"},"sensitive_attributes":[],"private":"bnVsbA==","dependencies":["aws_cloudwatch_log_group.ecs_log_group"]}]},{"mode":"managed","type":"aws_cloudwatch_log_metric_filter","name":"nginx_4xx_responses","provider":"provider[\"registry.opentofu.org/hashicorp/aws\"]","instances":[{"schema_version":0,"attributes":{"id":"nginx-4xx-responses","log_group_name":"/ecs/nginx","metric_transformation":[{"default_value":"0","dimensions":{},"name":"Nginx4xxResponses","namespace":"NginxMonitoring","unit":"None","value":"1"}],"name":"nginx-4xx-responses","pattern":"[ip, id, user, timestamp, request, status_code=4*, size]"},"sensitive_attributes":[],"private":"bnVsbA==","dependencies":["aws_cloudwatch_log_group.ecs_log_group"]}]},{"mode":"managed","type":"aws_cloudwatch_log_metric_filter","name":"nginx_5xx_responses","provider":"provider[\"registry.opentofu.org/hashicorp/aws\"]","instances":[{"schema_version":0,"attributes":{"id":"nginx-5xx-responses","log_group_name":"/ecs/nginx","metric_transformation":[{"default_value":"0","dimensions":{},"name":"Nginx5xxResponses","namespace":"NginxMonitoring","unit":"None","value":"1"}],"name":"nginx-5xx-responses","pattern":"[ip, id, user, timestamp, request, status_code=5*, size]"},"sensitive_attributes":[],"private":"bnVsbA==","dependencies":["aws_cloudwatch_log_group.ecs_log_group"]}]},{"mode":"managed","type":"aws_cloudwatch_log_metric_filter","name":"nginx_requests","provider":"provider[\"registry.opentofu.org/hashicorp/aws\"]","instances":[{"schema_version":0,"attributes":{"id":"nginx-request-count","log_group_name":"/ecs/nginx","metric_transformation":[{"default_value":"0","dimensions":{},"name":"NginxRequestCount","namespace":"NginxMonitoring","unit":"None","value":"1"}],"name":"nginx-request-count","pattern":"[...]"},"sensitive_attributes":[],"private":"bnVsbA==","dependencies":["aws_cloudwatch_log_group.ecs_log_group"]}]},{"mode":"managed","type":"aws_dynamodb_table","name":"state_lock_table","provider":"provider[\"registry.opentofu.org/hashicorp/aws\"]","instances":[{"schema_version":1,"attributes":{"arn":"arn:aws:dynamodb:eu-central-1:213682563326:table/terraform_state_lock","attribute":[{"name":"LockID","type":"S"}],"billing_mode":"PAY_PER_REQUEST","deletion_protection_enabled":false,"global_secondary_index":[],"hash_key":"LockID","id":"terraform_state_lock","import_table":[],"local_secondary_index":[],"name":"terraform_state_lock","point_in_time_recovery":[{"enabled":false}],"range_key":null,"read_capacity":0,"replica":[],"restore_date_time":null,"restore_source_name":null,"restore_source_table_arn":null,"restore_to_latest_time":null,"server_side_encryption":[],"stream_arn":"","stream_enabled":false,"stream_label":"","stream_view_type":"","table_class":"STANDARD","tags":{},"tags_all":{},"timeouts":null,"ttl":[{"attribute_name":"","enabled":false}],"write_capacity":0},"sensitive_attributes":[],"private":"eyJlMmJmYjczMC1lY2FhLTExZTYtOGY4OC0zNDM2M2JjN2M0YzAiOnsiY3JlYXRlIjoxODAwMDAwMDAwMDAwLCJkZWxldGUiOjYwMDAwMDAwMDAwMCwidXBkYXRlIjozNjAwMDAwMDAwMDAwfSwic2NoZW1hX3ZlcnNpb24iOiIxIn0="}]},{"mode":"managed","type":"aws_ecr_repository","name":"pond_ecr_repo","provider":"provider[\"registry.opentofu.org/hashicorp/aws\"]","instances":[{"schema_version":0,"attributes":{"arn":"arn:aws:ecr:eu-central-1:213682563326:repository/pond-ecr-repo","encryption_configuration":[{"encryption_type":"AES256","kms_key":""}],"force_delete":null,"id":"pond-ecr-repo","image_scanning_configuration":[{"scan_on_push":true}],"image_tag_mutability":"MUTABLE","name":"pond-ecr-repo","registry_id":"213682563326","repository_url":"213682563326.dkr.ecr.eu-central-1.amazonaws.com/pond-ecr-repo","tags":{"Name":"pond-ecr-repo"},"tags_all":{"Name":"pond-ecr-repo"},"timeouts":null},"sensitive_attributes":[],"private":"eyJlMmJmYjczMC1lY2FhLTExZTYtOGY4OC0zNDM2M2JjN2M0YzAiOnsiZGVsZXRlIjoxMjAwMDAwMDAwMDAwfX0="}]},{"mode":"managed","type":"aws_ecs_cluster","name":"nginx_cluster","provider":"provider[\"registry.opentofu.org/hashicorp/aws\"]","instances":[{"schema_version":0,"attributes":{"arn":"arn:aws:ecs:eu-central-1:213682563326:cluster/nginx-cluster","configuration":[],"id":"arn:aws:ecs:eu-central-1:213682563326:cluster/nginx-cluster","name":"nginx-cluster","service_connect_defaults":[],"setting":[{"name":"containerInsights","value":"disabled"}],"tags":{},"tags_all":{}},"sensitive_attributes":[],"private":"bnVsbA=="}]},{"mode":"managed","type":"aws_ecs_service","name":"nginx_service","provider":"provider[\"registry.opentofu.org/hashicorp/aws\"]","instances":[{"schema_version":1,"attributes":{"alarms":[],"capacity_provider_strategy":[],"cluster":"arn:aws:ecs:eu-central-1:213682563326:cluster/nginx-cluster","deployment_circuit_breaker":[{"enable":false,"rollback":false}],"deployment_controller":[{"type":"ECS"}],"deployment_maximum_percent":200,"deployment_minimum_healthy_percent":100,"desired_count":1,"enable_ecs_managed_tags":false,"enable_execute_command":false,"force_delete":null,"force_new_deployment":null,"health_check_grace_period_seconds":0,"iam_role":"/aws-service-role/ecs.amazonaws.com/AWSServiceRoleForECS","id":"arn:aws:ecs:eu-central-1:213682563326:service/nginx-cluster/nginx-service","launch_type":"FARGATE","load_balancer":[],"name":"nginx-service","network_configuration":[{"assign_public_ip":true,"security_groups":["sg-01d3edd0c03e55124"],"subnets":["subnet-04ffbc713d6a2d860"]}],"ordered_placement_strategy":[],"placement_constraints":[],"platform_version":"LATEST","propagate_tags":"NONE","scheduling_strategy":"REPLICA","service_connect_configuration":[],"service_registries":[],"tags":{},"tags_all":{},"task_definition":"arn:aws:ecs:eu-central-1:213682563326:task-definition/nginx-td:1","timeouts":null,"triggers":{},"volume_configuration":[],"wait_for_steady_state":false},"sensitive_attributes":[],"private":"eyJlMmJmYjczMC1lY2FhLTExZTYtOGY4OC0zNDM2M2JjN2M0YzAiOnsiY3JlYXRlIjoxMjAwMDAwMDAwMDAwLCJkZWxldGUiOjEyMDAwMDAwMDAwMDAsInVwZGF0ZSI6MTIwMDAwMDAwMDAwMH0sInNjaGVtYV92ZXJzaW9uIjoiMSJ9","dependencies":["aws_ecs_cluster.nginx_cluster","aws_ecs_task_definition.nginx_task","aws_iam_role.ecs_task_execution_role","aws_security_group.nginx_sg","aws_subnet.public_subnet","data.aws_availability_zones.available","data.aws_vpc.pond_vpc"]}]},{"mode":"managed","type":"aws_ecs_task_definition","name":"nginx_task","provider":"provider[\"registry.opentofu.org/hashicorp/aws\"]","instances":[{"schema_version":1,"attributes":{"arn":"arn:aws:ecs:eu-central-1:213682563326:task-definition/nginx-td:1","arn_without_revision":"arn:aws:ecs:eu-central-1:213682563326:task-definition/nginx-td","container_definitions":"[{\"environment\":[],\"essential\":true,\"image\":\"230355213662.dkr.ecr.eu-central-1.amazonaws.com/pond-ecr-repo:latest\",\"logConfiguration\":{\"logDriver\":\"awslogs\",\"options\":{\"awslogs-region\":\"eu-central-1\",\"awslogs-stream-prefix\":\"ecs\",\"awslogs-group\":\"/ecs/nginx\"}},\"mountPoints\":[],\"name\":\"nginx-container\",\"portMappings\":[{\"containerPort\":80,\"hostPort\":80,\"protocol\":\"tcp\"}],\"systemControls\":[],\"volumesFrom\":[]}]","cpu":"256","ephemeral_storage":[],"execution_role_arn":"arn:aws:iam::213682563326:role/ecsTaskExecutionRole","family":"nginx-td","id":"nginx-td","inference_accelerator":[],"ipc_mode":"","memory":"512","network_mode":"awsvpc","pid_mode":"","placement_constraints":[],"proxy_configuration":[],"requires_compatibilities":["FARGATE"],"revision":1,"runtime_platform":[{"cpu_architecture":"X86_64","operating_system_family":""}],"skip_destroy":false,"tags":{},"tags_all":{},"task_role_arn":"","track_latest":false,"volume":[]},"sensitive_attributes":[],"private":"eyJzY2hlbWFfdmVyc2lvbiI6IjEifQ==","dependencies":["aws_iam_role.ecs_task_execution_role"]}]},{"mode":"managed","type":"aws_iam_role","name":"ecs_task_execution_role","provider":"provider[\"registry.opentofu.org/hashicorp/aws\"]","instances":[{"schema_version":0,"attributes":{"arn":"arn:aws:iam::213682563326:role/ecsTaskExecutionRole","assume_role_policy":"{\"Statement\":[{\"Action\":\"sts:AssumeRole\",\"Effect\":\"Allow\",\"Principal\":{\"Service\":\"ecs-tasks.amazonaws.com\"}}],\"Version\":\"2012-10-17\"}","create_date":"2026-09-18T14:56:07Z","description":"","force_detach_policies":false,"id":"ecsTaskExecutionRole","inline_policy":[{"name":"ecr-vpc-endpoint-access","policy":"{\"Version\":\"2012-10-17\",\"Statement\":[{\"Action\":[\"ecr:GetAuthorizationToken\",\"ecr:BatchCheckLayerAvailability\",\"ecr:GetDownloadUrlForLayer\",\"ecr:BatchGetImage\"],\"Effect\":\"Allow\",\"Resource\":\"*\"},{\"Action\":[\"logs:CreateLogStream\",\"logs:PutLogEvents\"],\"Effect\":\"Allow\",\"Resource\":\"*\"}]}"}],"managed_policy_arns":["arn:aws:iam::aws:policy/AmazonEC2ContainerRegistryReadOnly","arn:aws:iam::aws:policy/service-role/AmazonECSTaskExecutionRolePolicy"],"max_session_duration":3600,"name":"ecsTaskExecutionRole","name_prefix":"","path":"/","permissions_boundary":"","tags":{},"tags_all":{},"unique_id":"AROATDQDZFD7AOWMLHWER"},"sensitive_attributes":[],"private":"bnVsbA=="}]},{"mode":"managed","type":"aws_iam_role_policy","name":"ecr_vpc_endpoint_policy","provider":"provider[\"registry.opentofu.org/hashicorp/aws\"]","instances":[{"schema_version":0,"attributes":{"id":"ecsTaskExecutionRole:ecr-vpc-endpoint-access","name":"ecr-vpc-endpoint-access","name_prefix":"","policy":"{\"Version\":\"2012-10-17\",\"Statement\":[{\"Action\":[\"ecr:GetAuthorizationToken\",\"ecr:BatchCheckLayerAvailability\",\"ecr:GetDownloadUrlForLayer\",\"ecr:BatchGetImage\"],\"Effect\":\"Allow\",\"Resource\":\"*\"},{\"Action\":[\"logs:CreateLogStream\",\"logs:PutLogEvents\"],\"Effect\":\"Allow\",\"Resource\":\"*\"}]}","role":"ecsTaskExecutionRole"},"sensitive_attributes":[],"private":"bnVsbA==","dependencies":["aws_iam_role.ecs_task_execution_role"]}]},{"mode":"managed","type":"aws_iam_role_policy_attachment","name":"ecr_read_access","provider":"provider[\"registry.opentofu.org/hashicorp/aws\"]","instances":[{"schema_version":0,"attributes":{"id":"ecsTaskExecutionRole-20260918145606817300000004","policy_arn":"arn:aws:iam::aws:policy/AmazonEC2ContainerRegistryReadOnly","role":"ecsTaskExecutionRole"},"sensitive_attributes":[],"private":"bnVsbA==","dependencies":["aws_iam_role.ecs_task_execution_role"]}]},{"mode":"managed","type":"aws_iam_role_policy_attachment","name":"ecs_task_execution_policy","provider":"provider[\"registry.opentofu.org/hashicorp/aws\"]","instances":[{"schema_version":0,"attributes":{"id":"ecsTaskExecutionRole-20260918145607147700000005","policy_arn":"arn:aws:iam::aws:policy/service-role/AmazonECSTaskExecutionRolePolicy","role":"ecsTaskExecutionRole"},"sensitive_attributes":[],"private":"bnVsbA==","dependencies":["aws_iam_role.ecs_task_execution_role"]}]},{"mode":"managed","type":"aws_instance","name":"midtier_ec2","provider":"provider[\"registry.opentofu.org/hashicorp/aws\"]","instances":[{"schema_version":1,"attributes":{"ami":"ami-0084a47cc718c111a","arn":"arn:aws:ec2:eu-central-1:213682563326:instance/i-099b451a6549f73cd","associate_public_ip_address":false,"availability_zone":"eu-central-1a","capacity_reservation_specification":[{"capacity_reservation_preference":"open","capacity_reservation_target":[]}],"cpu_core_count":1,"cpu_options":[{"amd_sev_snp":"","core_count":1,"threads_per_core":1}],"cpu_threads_per_core":1,"credit_specification":[{"cpu_credits":"standard"}],"disable_api_stop":false,"disable_api_termination":false,"ebs_block_device":[],"ebs_optimized":false,"enclave_options":[{"enabled":false}],"ephemeral_block_device":[],"get_password_data":false,"hibernation":false,"host_id":"","host_resource_group_arn":null,"iam_instance_profile":"","id":"i-099b451a6549f73cd","instance_initiated_shutdown_behavior":"stop","instance_lifecycle":"","instance_market_options":[],"instance_state":"running","instance_type":"t2.micro","ipv6_address_count":0,"ipv6_addresses":[],"key_name":"ec2-sandbox-key","launch_template":[],"maintenance_options":[{"auto_recovery":"default"}],"metadata_options":[{"http_endpoint":"enabled","http_protocol_ipv6":"disabled","http_put_response_hop_limit":2,"http_tokens":"required","instance_metadata_tags":"disabled"}],"monitoring":false,"network_interface":[],"outpost_arn":"","password_data":"","placement_group":"","placement_partition_number":0,"primary_network_interface_id":"eni-096a0eb34d75c46d8","private_dns":"ip-172-31-57-52.eu-central-1.compute.internal","private_dns_name_options":[{"enable_resource_name_dns_a_record":false,"enable_resource_name_dns_aaaa_record":false,"hostname_type":"ip-name"}],"private_ip":"172.31.57.52","public_dns":"","public_ip":"","root_block_device":[{"delete_on_termination":true,"device_name":"/dev/sda1","encrypted":false,"iops":3000,"kms_key_id":"","tags":{},"tags_all":{},"throughput":125,"volume_id":"vol-0c5efc12bb66e972c","volume_size":8,"volume_type":"gp3"}],"secondary_private_ips":[],"security_groups":["midtier-sg"],"source_dest_check":true,"spot_instance_request_id":"","subnet_id":"subnet-0aeb1361b3bf939a0","tags":{"Name":"midtier-ec2-instance","Tier":"midtier"},"tags_all":{"Name":"midtier-ec2-instance","Tier":"midtier"},"tenancy":"default","timeouts":null,"user_data":null,"user_data_base64":null,"user_data_replace_on_change":false,"volume_tags":null,"vpc_security_group_ids":["sg-0ce1258feddebbe17"]},"sensitive_attributes":[],"private":"eyJlMmJmYjczMC1lY2FhLTExZTYtOGY4OC0zNDM2M2JjN2M0YzAiOnsiY3JlYXRlIjo2MDAwMDAwMDAwMDAsImRlbGV0ZSI6MTIwMDAwMDAwMDAwMCwicmVhZCI6OTAwMDAwMDAwMDAwLCJ1cGRhdGUiOjYwMDAwMDAwMDAwMH0sInNjaGVtYV92ZXJzaW9uIjoiMSJ9","dependencies":["aws_key_pair.ec2_access","aws_security_group.midtier_sg","aws_subnet.midtier_subnet","aws_subnet.public_subnet","data.aws_availability_zones.available","data.aws_vpc.pond_vpc","tls_private_key.ec2_access"]}]},{"mode":"managed","type":"aws_instance","name":"public_ec2","provider":"provider[\"registry.opentofu.org/hashicorp/aws\"]","instances":[{"schema_version":1,"attributes":{"ami":"ami-0084a47cc718c111a","arn":"arn:aws:ec2:eu-central-1:213682563326:instance/i-09b43922f493131d6","associate_public_ip_address":true,"availability_zone":"eu-central-1a","capacity_reservation_specification":[{"capacity_reservation_preference":"open","capacity_reservation_target":[]}],"cpu_core_count":1,"cpu_options":[{"amd_sev_snp":"","core_count":1,"threads_per_core":1}],"cpu_threads_per_core":1,"credit_specification":[{"cpu_credits":"standard"}],"disable_api_stop":false,"disable_api_termination":false,"ebs_block_device":[],"ebs_optimized":false,"enclave_options":[{"enabled":false}],"ephemeral_block_device":[],"get_password_data":false,"hibernation":false,"host_id":"","host_resource_group_arn":null,"iam_instance_profile":"","id":"i-09b43922f493131d6","instance_initiated_shutdown_behavior":"stop","instance_lifecycle":"","instance_market_options":[],"instance_state":"running","instance_type":"t2.micro","ipv6_address_count":0,"ipv6_addresses":[],"key_name":"ec2-sandbox-key","launch_template":[],"maintenance_options":[{"auto_recovery":"default"}],"metadata_options":[{"http_endpoint":"enabled","http_protocol_ipv6":"disabled","http_put_response_hop_limit":2,"http_tokens":"required","instance_metadata_tags":"disabled"}],"monitoring":false,"network_interface":[],"outpost_arn":"","password_data":"","placement_group":"","placement_partition_number":0,"primary_network_interface_id":"eni-019a08f935311c470","private_dns":"ip-172-31-64-13.eu-central-1.compute.internal","private_dns_name_options":[{"enable_resource_name_dns_a_record":false,"enable_resource_name_dns_aaaa_record":false,"hostname_type":"ip-name"}],"private_ip":"172.31.64.13","public_dns":"ec2-63-184-123-88.eu-central-1.compute.amazonaws.com","public_ip":"63.184.123.88","root_block_device":[{"delete_on_termination":true,"device_name":"/dev/sda1","encrypted":false,"iops":3000,"kms_key_id":"","tags":{},"tags_all":{},"throughput":125,"volume_id":"vol-027633ef203ec684e","volume_size":8,"volume_type":"gp3"}],"secondary_private_ips":[],"security_groups":["ec2-public-sg"],"source_dest_check":true,"spot_instance_request_id":"","subnet_id":"subnet-04ffbc713d6a2d860","tags":{"Name":"public-ec2-instance"},"tags_all":{"Name":"public-ec2-instance"},"tenancy":"default","timeouts":null,"user_data":null,"user_data_base64":null,"user_data_replace_on_change":false,"volume_tags":null,"vpc_security_group_ids":["sg-00b3b42d4675131b8"]},"sensitive_attributes":[],"private":"eyJlMmJmYjczMC1lY2FhLTExZTYtOGY4OC0zNDM2M2JjN2M0YzAiOnsiY3JlYXRlIjo2MDAwMDAwMDAwMDAsImRlbGV0ZSI6MTIwMDAwMDAwMDAwMCwicmVhZCI6OTAwMDAwMDAwMDAwLCJ1cGRhdGUiOjYwMDAwMDAwMDAwMH0sInNjaGVtYV92ZXJzaW9uIjoiMSJ9","dependencies":["aws_key_pair.ec2_access","aws_security_group.ec2_public_sg","aws_subnet.public_subnet","data.aws_availability_zones.available","data.aws_vpc.pond_vpc","tls_private_key.ec2_access"]}]},{"mode":"managed","type":"aws_key_pair","name":"ec2_access","provider":"provider[\"registry.opentofu.org/hashicorp/aws\"]","instances":[{"schema_version":1,"attributes":{"arn":"arn:aws:ec2:eu-central-1:213682563326:key-pair/ec2-sandbox-key","fingerprint":"24:53:55:41:eb:84:f5:e8:4b:93:52:bd:47:0a:d4:6b","id":"ec2-sandbox-key","key_name":"ec2-sandbox-key","key_name_prefix":"","key_pair_id":"key-0ad9b744187652306","key_type":"rsa","public_key":"ssh-rsa AAAAB3NzaC1yc2EAAAADAQABAAACAQC9dSG2p8wJllM2YjZ0GI4PtFmbjD//xCL3XKCtWBN8P8Kpwi16r/w9S5FkbGiGHpGob30i0ixyEae5xaOUsVtYFP9/qFeRglw9tpsLCnEGUrFzQWRc+aP09bov538bVlE5RfOEvO18/APxzW2f8mF4NkfMvzeCNvFm3aM50DEvAmQegDlN9wSpZ7HyZ9y2GUxkCrIXlZKFHSZ9CuHw855AM81Ifh2vACdSpRg6/4JVGdl6aEOpWfLs+TRH3FjEwPJwrKGSU9/FzTZPFMDRis9XIxpNno5eQfK4n8EvO8xc1d85oYNZmg6VcSvb8WKuVKZT3cUKFvaYZwVVe1x4v4CXj9QnFqZR9xDo86y864bOJnMvLzE0heYBVeX7UiqdffEcfFEdHJSzCBXB3ZXDc2uK1plJVcVGdspRidqKCAiVSs/B2nLLwaPiZNSe5naFfX1eV8Qa0qzt3ovShE755ot3XCd6yZlD0WbyFwriA4VmtgaMzECCFR9dmkpyCK2roBynkGy7DaHFatTPUT7gsPSN2UZcKsLLuB2Kd68qAUVobVhlqmY+Jh3vzNFmc7VPeNDTRJo9eWY/ZH3R+I3/sbB65yKyZTPrF0RMKLrxrqMHwIm1pT/Rk5lt1TnHAMvpEczYGSk4iLMXGVvQ+U4pizBnUIeerEioiY1qXYj1vr9jcw==","tags":null,"tags_all":{}},"sensitive_attributes":[],"private":"eyJzY2hlbWFfdmVyc2lvbiI6IjEifQ==","dependencies":["tls_private_key.ec2_access"]}]},{"mode":"managed","type":"aws_route_table","name":"midtier_rt","provider":"provider[\"registry.opentofu.org/hashicorp/aws\"]","instances":[{"schema_version":0,"attributes":{"arn":"arn:aws:ec2:eu-central-1:213682563326:route-table/rtb-0a4fbbeb8911b8630","id":"rtb-0a4fbbeb8911b8630","owner_id":"213682563326","propagating_vgws":[],"route":[],"tags":{"Name":"midtier-route-table"},"tags_all":{"Name":"midtier-route-table"},"timeouts":null,"vpc_id":"vpc-0e82e458f37f9dddb"},"sensitive_attributes":[],"private":"eyJlMmJmYjczMC1lY2FhLTExZTYtOGY4OC0zNDM2M2JjN2M0YzAiOnsiY3JlYXRlIjozMDAwMDAwMDAwMDAsImRlbGV0ZSI6MzAwMDAwMDAwMDAwLCJ1cGRhdGUiOjEyMDAwMDAwMDAwMH19","dependencies":["data.aws_vpc.pond_vpc"]}]},{"mode":"managed","type":"aws_route_table_association","name":"midtier_rta","provider":"provider[\"registry.opentofu.org/hashicorp/aws\"]","instances":[{"schema_version":0,"attributes":{"gateway_id":"","id":"rtbassoc-0f876894c92d8500f","route_table_id":"rtb-0a4fbbeb8911b8630","subnet_id":"subnet-0aeb1361b3bf939a0","timeouts":null},"sensitive_attributes":[],"private":"eyJlMmJmYjczMC1lY2FhLTExZTYtOGY4OC0zNDM2M2JjN2M0YzAiOnsiY3JlYXRlIjozMDAwMDAwMDAwMDAsImRlbGV0ZSI6MzAwMDAwMDAwMDAwLCJ1cGRhdGUiOjEyMDAwMDAwMDAwMH19","dependencies":["aws_route_table.midtier_rt","aws_subnet.midtier_subnet","data.aws_availability_zones.available","data.aws_vpc.pond_vpc"]}]},{"mode":"managed","type":"aws_s3_bucket","name":"terraform-state","provider":"provider[\"registry.opentofu.org/hashicorp/aws\"]","instances":[{"schema_version":0,"attributes":{"acceleration_status":"","acl":null,"arn":"arn:aws:s3:::terraform-state-pond-two-4c29f00e","bucket":"terraform-state-pond-two-4c29f00e","bucket_domain_name":"terraform-state-pond-two-4c29f00e.s3.amazonaws.com","bucket_prefix":"","bucket_regional_domain_name":"terraform-state-pond-two-4c29f00e.s3.eu-central-1.amazonaws.com","cors_rule":[],"force_destroy":false,"grant":[{"id":"d7f384cb1c8ebc4f1acce3235d0255a76de46e8003c0d72e8639a2d7487eed99","permissions":["FULL_CONTROL"],"type":"CanonicalUser","uri":""}],"hosted_zone_id":"Z21DNDUVLTQW6Q","id":"terraform-state-pond-two-4c29f00e","lifecycle_rule":[],"logging":[],"object_lock_configuration":[],"object_lock_enabled":false,"policy":"","region":"eu-central-1","replication_configuration":[],"request_payer":"BucketOwner","server_side_encryption_configuration":[{"rule":[{"apply_server_side_encryption_by_default":[{"kms_master_key_id":"","sse_algorithm":"AES256"}],"bucket_key_enabled":false}]}],"tags":{},"tags_all":{},"timeouts":null,"versioning":[{"enabled":true,"mfa_delete":false}],"website":[],"website_domain":null,"website_endpoint":null},"sensitive_attributes":[],"private":"eyJlMmJmYjczMC1lY2FhLTExZTYtOGY4OC0zNDM2M2JjN2M0YzAiOnsiY3JlYXRlIjoxMjAwMDAwMDAwMDAwLCJkZWxldGUiOjM2MDAwMDAwMDAwMDAsInJlYWQiOjEyMDAwMDAwMDAwMDAsInVwZGF0ZSI6MTIwMDAwMDAwMDAwMH19","dependencies":["random_id.bucket_suffix"]}]},{"mode":"managed","type":"aws_s3_bucket_public_access_block","name":"terraform-state","provider":"provider[\"registry.opentofu.org/hashicorp/aws\"]","instances":[{"schema_version":0,"attributes":{"block_public_acls":true,"block_public_policy":true,"bucket":"terraform-state-pond-two-4c29f00e","id":"terraform-state-pond-two-4c29f00e","ignore_public_acls":true,"restrict_public_buckets":true},"sensitive_attributes":[],"private":"bnVsbA==","dependencies":["aws_s3_bucket.terraform-state","random_id.bucket_suffix"]}]},{"mode":"managed","type":"aws_s3_bucket_server_side_encryption_configuration","name":"terraform-state","provider":"provider[\"registry.opentofu.org/hashicorp/aws\"]","instances":[{"schema_version":0,"attributes":{"bucket":"terraform-state-pond-two-4c29f00e","expected_bucket_owner":"","id":"terraform-state-pond-two-4c29f00e","rule":[{"apply_server_side_encryption_by_default":[{"kms_master_key_id":"","sse_algorithm":"AES256"}],"bucket_key_enabled":false}]},"sensitive_attributes":[],"private":"bnVsbA==","dependencies":["aws_s3_bucket.terraform-state","random_id.bucket_suffix"]}]},{"mode":"managed","type":"aws_s3_bucket_versioning","name":"terraform-state","provider":"provider[\"registry.opentofu.org/hashicorp/aws\"]","instances":[{"schema_version":0,"attributes":{"bucket":"terraform-state-pond-two-4c29f00e","expected_bucket_owner":"","id":"terraform-state-pond-two-4c29f00e","mfa":null,"versioning_configuration":[{"mfa_delete":"","status":"Enabled"}]},"sensitive_attributes":[],"private":"bnVsbA==","dependencies":["aws_s3_bucket.terraform-state","random_id.bucket_suffix"]}]},{"mode":"managed","type":"aws_security_group","name":"ec2_public_sg","provider":"provider[\"registry.opentofu.org/hashicorp/aws\"]","instances":[{"schema_version":1,"attributes":{"arn":"arn:aws:ec2:eu-central-1:213682563326:security-group/sg-00b3b42d4675131b8","description":"Security group for public EC2 instance","egress":[{"cidr_blocks":["0.0.0.0/0"],"description":"Allow all outbound","from_port":0,"ipv6_cidr_blocks":[],"prefix_list_ids":[],"protocol":"-1","security_groups":[],"self":false,"to_port":0}],"id":"sg-00b3b42d4675131b8","ingress":[{"cidr_blocks":["0.0.0.0/0"],"description":"SSH from anywhere","from_port":22,"ipv6_cidr_blocks":[],"prefix_list_ids":[],"protocol":"tcp","security_groups":[],"self":false,"to_port":22}],"name":"ec2-public-sg","name_prefix":"","owner_id":"213682563326","revoke_rules_on_delete":false,"tags":{"Name":"ec2-public-sg"},"tags_all":{"Name":"ec2-public-sg"},"timeouts":null,"vpc_id":"vpc-0e82e458f37f9dddb"},"sensitive_attributes":[],"private":"eyJlMmJmYjczMC1lY2FhLTExZTYtOGY4OC0zNDM2M2JjN2M0YzAiOnsiY3JlYXRlIjo2MDAwMDAwMDAwMDAsImRlbGV0ZSI6OTAwMDAwMDAwMDAwfSwic2NoZW1hX3ZlcnNpb24iOiIxIn0=","dependencies":["data.aws_vpc.pond_vpc"]}]},{"mode":"managed","type":"aws_security_group","name":"midtier_sg","provider":"provider[\"registry.opentofu.org/hashicorp/aws\"]","instances":[{"schema_version":1,"attributes":{"arn":"arn:aws:ec2:eu-central-1:213682563326:security-group/sg-0ce1258feddebbe17","description":"Security group for mid-tier EC2 - only accessible from public subnet","egress":[{"cidr_blocks":["172.31.0.0/16"],"description":"Allow all outbound within VPC","from_port":0,"ipv6_cidr_blocks":[],"prefix_list_ids":[],"protocol":"-1","security_groups":[],"self":false,"to_port":0}],"id":"sg-0ce1258feddebbe17","ingress":[{"cidr_blocks":["172.31.64.0/20"],"description":"HTTP from public subnet","from_port":80,"ipv6_cidr_blocks":[],"prefix_list_ids":[],"protocol":"tcp","security_groups":[],"self":false,"to_port":80},{"cidr_blocks":["172.31.64.0/20"],"description":"HTTPS from public subnet","from_port":443,"ipv6_cidr_blocks":[],"prefix_list_ids":[],"protocol":"tcp","security_groups":[],"self":false,"to_port":443},{"cidr_blocks":["172.31.64.0/20"],"description":"ICMP from public subnet","from_port":-1,"ipv6_cidr_blocks":[],"prefix_list_ids":[],"protocol":"icmp","security_groups":[],"self":false,"to_port":-1},{"cidr_blocks":["172.31.64.0/20"],"description":"SSH from public subnet","from_port":22,"ipv6_cidr_blocks":[],"prefix_list_ids":[],"protocol":"tcp","security_groups":[],"self":false,"to_port":22}],"name":"midtier-sg","name_prefix":"","owner_id":"213682563326","revoke_rules_on_delete":false,"tags":{"Name":"midtier-sg"},"tags_all":{"Name":"midtier-sg"},"timeouts":null,"vpc_id":"vpc-0e82e458f37f9dddb"},"sensitive_attributes":[],"private":"eyJlMmJmYjczMC1lY2FhLTExZTYtOGY4OC0zNDM2M2JjN2M0YzAiOnsiY3JlYXRlIjo2MDAwMDAwMDAwMDAsImRlbGV0ZSI6OTAwMDAwMDAwMDAwfSwic2NoZW1hX3ZlcnNpb24iOiIxIn0=","dependencies":["aws_subnet.public_subnet","data.aws_availability_zones.available","data.aws_vpc.pond_vpc"]}]},{"mode":"managed","type":"aws_security_group","name":"nginx_sg","provider":"provider[\"registry.opentofu.org/hashicorp/aws\"]","instances":[{"schema_version":1,"attributes":{"arn":"arn:aws:ec2:eu-central-1:213682563326:security-group/sg-01d3edd0c03e55124","description":"Managed by Terraform","egress":[{"cidr_blocks":["0.0.0.0/0"],"description":"","from_port":0,"ipv6_cidr_blocks":[],"prefix_list_ids":[],"protocol":"-1","security_groups":[],"self":false,"to_port":0}],"id":"sg-01d3edd0c03e55124","ingress":[{"cidr_blocks":["0.0.0.0/0"],"description":"","from_port":80,"ipv6_cidr_blocks":[],"prefix_list_ids":[],"protocol":"tcp","security_groups":[],"self":false,"to_port":80}],"name":"terraform-20260918145605473900000003","name_prefix":"terraform-","owner_id":"213682563326","revoke_rules_on_delete":false,"tags":{},"tags_all":{},"timeouts":null,"vpc_id":"vpc-0e82e458f37f9dddb"},"sensitive_attributes":[],"private":"eyJlMmJmYjczMC1lY2FhLTExZTYtOGY4OC0zNDM2M2JjN2M0YzAiOnsiY3JlYXRlIjo2MDAwMDAwMDAwMDAsImRlbGV0ZSI6OTAwMDAwMDAwMDAwfSwic2NoZW1hX3ZlcnNpb24iOiIxIn0=","dependencies":["data.aws_vpc.pond_vpc"]}]},{"mode":"managed","type":"aws_security_group","name":"vpc_endpoints_sg","provider":"provider[\"registry.opentofu.org/hashicorp/aws\"]","instances":[{"schema_version":1,"attributes":{"arn":"arn:aws:ec2:eu-central-1:213682563326:security-group/sg-034f1011b5601a5e1","description":"Security group for VPC endpoints","egress":[{"cidr_blocks":["0.0.0.0/0"],"description":"","from_port":0,"ipv6_cidr_blocks":[],"prefix_list_ids":[],"protocol":"-1","security_groups":[],"self":false,"to_port":0}],"id":"sg-034f1011b5601a5e1","ingress":[{"cidr_blocks":["172.31.0.0/16"],"description":"HTTPS from VPC","from_port":443,"ipv6_cidr_blocks":[],"prefix_list_ids":[],"protocol":"tcp","security_groups":[],"self":false,"to_port":443}],"name":"vpc-endpoints-sg","name_prefix":"","owner_id":"213682563326","revoke_rules_on_delete":false,"tags":{"Name":"vpc-endpoints-sg"},"tags_all":{"Name":"vpc-endpoints-sg"},"timeouts":null,"vpc_id":"vpc-0e82e458f37f9dddb"},"sensitive_attributes":[],"private":"eyJlMmJmYjczMC1lY2FhLTExZTYtOGY4OC0zNDM2M2JjN2M0YzAiOnsiY3JlYXRlIjo2MDAwMDAwMDAwMDAsImRlbGV0ZSI6OTAwMDAwMDAwMDAwfSwic2NoZW1hX3ZlcnNpb24iOiIxIn0=","dependencies":["data.aws_vpc.pond_vpc"]}]},{"mode":"managed","type":"aws_subnet","name":"midtier_subnet","provider":"provider[\"registry.opentofu.org/hashicorp/aws\"]","instances":[{"schema_version":1,"attributes":{"arn":"arn:aws:ec2:eu-central-1:213682563326:subnet/subnet-0aeb1361b3bf939a0","assign_ipv6_address_on_creation":false,"availability_zone":"eu-central-1a","availability_zone_id":"euc1-az2","cidr_block":"172.31.48.0/20","customer_owned_ipv4_pool":"","enable_dns64":false,"enable_lni_at_device_index":0,"enable_resource_name_dns_a_record_on_launch":false,"enable_resource_name_dns_aaaa_record_on_launch":false,"id":"subnet-0aeb1361b3bf939a0","ipv6_cidr_block":"","ipv6_cidr_block_association_id":"","ipv6_native":false,"map_customer_owned_ip_on_launch":false,"map_public_ip_on_launch":false,"outpost_arn":"","owner_id":"213682563326","private_dns_hostname_type_on_launch":"ip-name","tags":{"Name":"midtier-private-subnet","Tier":"midtier"},"tags_all":{"Name":"midtier-private-subnet","Tier":"midtier"},"timeouts":null,"vpc_id":"vpc-0e82e458f37f9dddb"},"sensitive_attributes":[],"private":"eyJlMmJmYjczMC1lY2FhLTExZTYtOGY4OC0zNDM2M2JjN2M0YzAiOnsiY3JlYXRlIjo2MDAwMDAwMDAwMDAsImRlbGV0ZSI6MTIwMDAwMDAwMDAwMH0sInNjaGVtYV92ZXJzaW9uIjoiMSJ9","dependencies":["data.aws_availability_zones.available","data.aws_vpc.pond_vpc"]}]},{"mode":"managed","type":"aws_subnet","name":"public_subnet","provider":"provider[\"registry.opentofu.org/hashicorp/aws\"]","instances":[{"schema_version":1,"attributes":{"arn":"arn:aws:ec2:eu-central-1:213682563326:subnet/subnet-04ffbc713d6a2d860","assign_ipv6_address_on_creation":false,"availability_zone":"eu-central-1a","availability_zone_id":"euc1-az2","cidr_block":"172.31.64.0/20","customer_owned_ipv4_pool":"","enable_dns64":false,"enable_lni_at_device_index":0,"enable_resource_name_dns_a_record_on_launch":false,"enable_resource_name_dns_aaaa_record_on_launch":false,"id":"subnet-04ffbc713d6a2d860","ipv6_cidr_block":"","ipv6_cidr_block_association_id":"","ipv6_native":false,"map_customer_owned_ip_on_launch":false,"map_public_ip_on_launch":true,"outpost_arn":"","owner_id":"213682563326","private_dns_hostname_type_on_launch":"ip-name","tags":{"Name":"pond-public-subnet","Tier":"public"},"tags_all":{"Name":"pond-public-subnet","Tier":"public"},"timeouts":null,"vpc_id":"vpc-0e82e458f37f9dddb"},"sensitive_attributes":[],"private":"eyJlMmJmYjczMC1lY2FhLTExZTYtOGY4OC0zNDM2M2JjN2M0YzAiOnsiY3JlYXRlIjo2MDAwMDAwMDAwMDAsImRlbGV0ZSI6MTIwMDAwMDAwMDAwMH0sInNjaGVtYV92ZXJzaW9uIjoiMSJ9","dependencies":["data.aws_availability_zones.available","data.aws_vpc.pond_vpc"]}]},{"mode":"managed","type":"aws_vpc_endpoint","name":"ecr_api","provider":"provider[\"registry.opentofu.org/hashicorp/aws\"]","instances":[{"schema_version":0,"attributes":{"arn":"arn:aws:ec2:eu-central-1:213682563326:vpc-endpoint/vpce-035de676896d074d5","auto_accept":null,"cidr_blocks":[],"dns_entry":[{"dns_name":"vpce-035de676896d074d5-qpv70ujk.api.ecr.eu-central-1.vpce.amazonaws.com","hosted_zone_id":"Z273ZU8SZ5RJPC"},{"dns_name":"vpce-035de676896d074d5-qpv70ujk-eu-central-1c.api.ecr.eu-central-1.vpce.amazonaws.com","hosted_zone_id":"Z273ZU8SZ5RJPC"},{"dns_name":"vpce-035de676896d074d5-qpv70ujk-eu-central-1b.api.ecr.eu-central-1.vpce.amazonaws.com","hosted_zone_id":"Z273ZU8SZ5RJPC"},{"dns_name":"vpce-035de676896d074d5-qpv70ujk-eu-central-1a.api.ecr.eu-central-1.vpce.amazonaws.com","hosted_zone_id":"Z273ZU8SZ5RJPC"},{"dns_name":"api.ecr.eu-central-1.amazonaws.com","hosted_zone_id":"Z03693043CCBW6M21TPE0"},{"dns_name":"ecr.eu-central-1.api.aws","hosted_zone_id":"Z07914951AQL2U1CYAGQL"}],"dns_options":[{"dns_record_ip_type":"ipv4","private_dns_only_for_inbound_resolver_endpoint":false}],"id":"vpce-035de676896d074d5","ip_address_type":"ipv4","network_interface_ids":["eni-02689c8396de594fa","eni-06f86792a0e4acd9d","eni-0a48ab0624c8de310"],"owner_id":"213682563326","policy":"{\"Statement\":[{\"Action\":[\"ecr:GetAuthorizationToken\",\"ecr:BatchCheckLayerAvailability\",\"ecr:GetDownloadUrlForLayer\",\"ecr:BatchGetImage\",\"ecr:DescribeRepositories\",\"ecr:DescribeImages\",\"ecr:ListImages\"],\"Effect\":\"Allow\",\"Principal\":\"*\",\"Resource\":\"*\"}],\"Version\":\"2012-10-17\"}","prefix_list_id":null,"private_dns_enabled":true,"requester_managed":false,"route_table_ids":[],"security_group_ids":["sg-034f1011b5601a5e1"],"service_name":"com.amazonaws.eu-central-1.ecr.api","state":"available","subnet_configuration":[{"ipv4":"172.31.25.113","ipv6":"","subnet_id":"subnet-0607038691b30aec2"},{"ipv4":"172.31.40.57","ipv6":"","subnet_id":"subnet-089cd8673acd178e4"},{"ipv4":"172.31.5.68","ipv6":"","subnet_id":"subnet-05cba4dae60954ca9"}],"subnet_ids":["subnet-04ffbc713d6a2d860","subnet-05cba4dae60954ca9","subnet-0607038691b30aec2","subnet-089cd8673acd178e4","subnet-0aeb1361b3bf939a0"],"tags":{"Name":"ecr-api-endpoint"},"tags_all":{"Name":"ecr-api-endpoint"},"timeouts":null,"vpc_endpoint_type":"Interface","vpc_id":"vpc-0e82e458f37f9dddb"},"sensitive_attributes":[],"private":"eyJlMmJmYjczMC1lY2FhLTExZTYtOGY4OC0zNDM2M2JjN2M0YzAiOnsiY3JlYXRlIjo2MDAwMDAwMDAwMDAsImRlbGV0ZSI6NjAwMDAwMDAwMDAwLCJ1cGRhdGUiOjYwMDAwMDAwMDAwMH19","dependencies":["aws_security_group.vpc_endpoints_sg","data.aws_subnets.pond_subnets","data.aws_vpc.pond_vpc"]}]},{"mode":"managed","type":"aws_vpc_endpoint","name":"ecr_dkr","provider":"provider[\"registry.opentofu.org/hashicorp/aws\"]","instances":[{"schema_version":0,"attributes":{"arn":"arn:aws:ec2:eu-central-1:213682563326:vpc-endpoint/vpce-0ef23adf953b4c969","auto_accept":null,"cidr_blocks":[],"dns_entry":[{"dns_name":"vpce-0ef23adf953b4c969-z29k2c64.dkr.ecr.eu-central-1.vpce.amazonaws.com","hosted_zone_id":"Z273ZU8SZ5RJPC"},{"dns_name":"vpce-0ef23adf953b4c969-z29k2c64-eu-central-1a.dkr.ecr.eu-central-1.vpce.amazonaws.com","hosted_zone_id":"Z273ZU8SZ5RJPC"},{"dns_name":"vpce-0ef23adf953b4c969-z29k2c64-eu-central-1c.dkr.ecr.eu-central-1.vpce.amazonaws.com","hosted_zone_id":"Z273ZU8SZ5RJPC"},{"dns_name":"vpce-0ef23adf953b4c969-z29k2c64-eu-central-1b.dkr.ecr.eu-central-1.vpce.amazonaws.com","hosted_zone_id":"Z273ZU8SZ5RJPC"},{"dns_name":"dkr.ecr.eu-central-1.amazonaws.com","hosted_zone_id":"Z000644414WAWKMK89GEG"},{"dns_name":"*.dkr.ecr.eu-central-1.amazonaws.com","hosted_zone_id":"Z000644414WAWKMK89GEG"},{"dns_name":"dkr-ecr.eu-central-1.on.aws","hosted_zone_id":"Z07915353TN3I6BB74X8P"},{"dns_name":"*.dkr-ecr.eu-central-1.on.aws","hosted_zone_id":"Z07915353TN3I6BB74X8P"}],"dns_options":[{"dns_record_ip_type":"ipv4","private_dns_only_for_inbound_resolver_endpoint":false}],"id":"vpce-0ef23adf953b4c969","ip_address_type":"ipv4","network_interface_ids":["eni-0424985ccf747c302","eni-0bff81aac0ad9b55e","eni-0d64eba195d021afa"],"owner_id":"213682563326","policy":"{\"Statement\":[{\"Action\":[\"ecr:GetAuthorizationToken\",\"ecr:BatchCheckLayerAvailability\",\"ecr:GetDownloadUrlForLayer\",\"ecr:BatchGetImage\"],\"Effect\":\"Allow\",\"Principal\":\"*\",\"Resource\":\"*\"}],\"Version\":\"2012-10-17\"}","prefix_list_id":null,"private_dns_enabled":true,"requester_managed":false,"route_table_ids":[],"security_group_ids":["sg-034f1011b5601a5e1"],"service_name":"com.amazonaws.eu-central-1.ecr.dkr","state":"available","subnet_configuration":[{"ipv4":"172.31.14.109","ipv6":"","subnet_id":"subnet-05cba4dae60954ca9"},{"ipv4":"172.31.31.157","ipv6":"","subnet_id":"subnet-0607038691b30aec2"},{"ipv4":"172.31.35.221","ipv6":"","subnet_id":"subnet-089cd8673acd178e4"}],"subnet_ids":["subnet-04ffbc713d6a2d860","subnet-05cba4dae60954ca9","subnet-0607038691b30aec2","subnet-089cd8673acd178e4","subnet-0aeb1361b3bf939a0"],"tags":{"Name":"ecr-dkr-endpoint"},"tags_all":{"Name":"ecr-dkr-endpoint"},"timeouts":null,"vpc_endpoint_type":"Interface","vpc_id":"vpc-0e82e458f37f9dddb"},"sensitive_attributes":[],"private":"eyJlMmJmYjczMC1lY2FhLTExZTYtOGY4OC0zNDM2M2JjN2M0YzAiOnsiY3JlYXRlIjo2MDAwMDAwMDAwMDAsImRlbGV0ZSI6NjAwMDAwMDAwMDAwLCJ1cGRhdGUiOjYwMDAwMDAwMDAwMH19","dependencies":["aws_security_group.vpc_endpoints_sg","data.aws_subnets.pond_subnets","data.aws_vpc.pond_vpc"]}]},{"mode":"managed","type":"aws_vpc_endpoint","name":"s3","provider":"provider[\"registry.opentofu.org/hashicorp/aws\"]","instances":[{"schema_version":0,"attributes":{"arn":"arn:aws:ec2:eu-central-1:213682563326:vpc-endpoint/vpce-00a50f16399a17856","auto_accept":null,"cidr_blocks":["52.219.44.0/22","52.219.208.0/22","3.5.136.0/22","3.5.120.0/22","52.219.218.0/24","52.219.140.0/24","16.12.32.0/22","52.219.72.0/22","16.15.20.0/22","3.5.134.0/23","16.12.24.0/21","52.219.168.0/22"],"dns_entry":[],"dns_options":[{"dns_record_ip_type":"service-defined","private_dns_only_for_inbound_resolver_endpoint":false}],"id":"vpce-00a50f16399a17856","ip_address_type":"ipv4","network_interface_ids":[],"owner_id":"213682563326","policy":"{\"Statement\":[{\"Action\":[\"s3:GetObject\",\"s3:ListBucket\"],\"Effect\":\"Allow\",\"Principal\":\"*\",\"Resource\":[\"arn:aws:s3:::prod-eu-central-1-starport-layer-bucket/*\",\"arn:aws:s3:::prod-eu-central-1-starport-layer-bucket\"]}],\"Version\":\"2012-10-17\"}","prefix_list_id":"pl-6ea54007","private_dns_enabled":false,"requester_managed":false,"route_table_ids":["rtb-07ea90cfe9d51dbd3"],"security_group_ids":[],"service_name":"com.amazonaws.eu-central-1.s3","state":"available","subnet_configuration":[],"subnet_ids":[],"tags":{"Name":"s3-gateway-endpoint"},"tags_all":{"Name":"s3-gateway-endpoint"},"timeouts":null,"vpc_endpoint_type":"Gateway","vpc_id":"vpc-0e82e458f37f9dddb"},"sensitive_attributes":[],"private":"eyJlMmJmYjczMC1lY2FhLTExZTYtOGY4OC0zNDM2M2JjN2M0YzAiOnsiY3JlYXRlIjo2MDAwMDAwMDAwMDAsImRlbGV0ZSI6NjAwMDAwMDAwMDAwLCJ1cGRhdGUiOjYwMDAwMDAwMDAwMH19","dependencies":["data.aws_vpc.pond_vpc"]}]},{"mode":"managed","type":"aws_vpc_endpoint_policy","name":"ecr_api_policy","provider":"provider[\"registry.opentofu.org/hashicorp/aws\"]","instances":[{"schema_version":0,"attributes":{"id":"vpce-035de676896d074d5","policy":"{\"Statement\":[{\"Action\":[\"ecr:GetAuthorizationToken\",\"ecr:BatchCheckLayerAvailability\",\"ecr:GetDownloadUrlForLayer\",\"ecr:BatchGetImage\",\"ecr:DescribeRepositories\",\"ecr:DescribeImages\",\"ecr:ListImages\"],\"Effect\":\"Allow\",\"Principal\":\"*\",\"Resource\":\"*\"}],\"Version\":\"2012-10-17\"}","timeouts":null,"vpc_endpoint_id":"vpce-035de676896d074d5"},"sensitive_attributes":[],"private":"eyJlMmJmYjczMC1lY2FhLTExZTYtOGY4OC0zNDM2M2JjN2M0YzAiOnsiY3JlYXRlIjo2MDAwMDAwMDAwMDAsImRlbGV0ZSI6NjAwMDAwMDAwMDAwfX0=","dependencies":["aws_security_group.vpc_endpoints_sg","aws_vpc_endpoint.ecr_api","data.aws_subnets.pond_subnets","data.aws_vpc.pond_vpc"]}]},{"mode":"managed","type":"aws_vpc_endpoint_policy","name":"ecr_dkr_policy","provider":"provider[\"registry.opentofu.org/hashicorp/aws\"]","instances":[{"schema_version":0,"attributes":{"id":"vpce-0ef23adf953b4c969","policy":"{\"Statement\":[{\"Action\":[\"ecr:GetAuthorizationToken\",\"ecr:BatchCheckLayerAvailability\",\"ecr:GetDownloadUrlForLayer\",\"ecr:BatchGetImage\"],\"Effect\":\"Allow\",\"Principal\":\"*\",\"Resource\":\"*\"}],\"Version\":\"2012-10-17\"}","timeouts":null,"vpc_endpoint_id":"vpce-0ef23adf953b4c969"},"sensitive_attributes":[],"private":"eyJlMmJmYjczMC1lY2FhLTExZTYtOGY4OC0zNDM2M2JjN2M0YzAiOnsiY3JlYXRlIjo2MDAwMDAwMDAwMDAsImRlbGV0ZSI6NjAwMDAwMDAwMDAwfX0=","dependencies":["aws_security_group.vpc_endpoints_sg","aws_vpc_endpoint.ecr_dkr","data.aws_subnets.pond_subnets","data.aws_vpc.pond_vpc"]}]},{"mode":"managed","type":"aws_vpc_endpoint_policy","name":"s3_policy","provider":"provider[\"registry.opentofu.org/hashicorp/aws\"]","instances":[{"schema_version":0,"attributes":{"id":"vpce-00a50f16399a17856","policy":"{\"Statement\":[{\"Action\":[\"s3:GetObject\",\"s3:ListBucket\"],\"Effect\":\"Allow\",\"Principal\":\"*\",\"Resource\":[\"arn:aws:s3:::prod-eu-central-1-starport-layer-bucket/*\",\"arn:aws:s3:::prod-eu-central-1-starport-layer-bucket\"]}],\"Version\":\"2012-10-17\"}","timeouts":null,"vpc_endpoint_id":"vpce-00a50f16399a17856"},"sensitive_attributes":[],"private":"eyJlMmJmYjczMC1lY2FhLTExZTYtOGY4OC0zNDM2M2JjN2M0YzAiOnsiY3JlYXRlIjo2MDAwMDAwMDAwMDAsImRlbGV0ZSI6NjAwMDAwMDAwMDAwfX0=","dependencies":["aws_vpc_endpoint.s3","data.aws_vpc.pond_vpc"]}]},{"mode":"managed","type":"aws_vpc_endpoint_route_table_association","name":"s3_route_table_association","provider":"provider[\"registry.opentofu.org/hashicorp/aws\"]","instances":[{"index_key":"rtb-07ea90cfe9d51dbd3","schema_version":0,"attributes":{"id":"a-vpce-00a50f16399a17856329932899","route_table_id":"rtb-07ea90cfe9d51dbd3","vpc_endpoint_id":"vpce-00a50f16399a17856"},"sensitive_attributes":[],"private":"bnVsbA==","dependencies":["aws_vpc_endpoint.s3","data.aws_route_tables.pond_route_tables","data.aws_vpc.pond_vpc"]},{"index_key":"rtb-0a4fbbeb8911b8630","schema_version":0,"attributes":{"id":"a-vpce-00a50f16399a178562514438626","route_table_id":"rtb-0a4fbbeb8911b8630","vpc_endpoint_id":"vpce-00a50f16399a17856"},"sensitive_attributes":[],"private":"bnVsbA==","dependencies":["aws_vpc_endpoint.s3","data.aws_route_tables.pond_route_tables","data.aws_vpc.pond_vpc"]}]},{"mode":"managed","type":"local_sensitive_file","name":"ec2_private_key_pem","provider":"provider[\"registry.opentofu.org/hashicorp/local\"]","instances":[{"schema_version":0,"attributes":{"content":"-----BEGIN RSA PRIVATE KEY-----\nMIIJKAIBAAKCAgEAvXUhtqfMCZZTNmI2dBiOD7RZm4w//8Qi91ygrVgTfD/CqcIt\neq/8PUuRZGxohh6RqG99ItIschGnucWjlLFbWBT/f6hXkYJcPbabCwpxBlKxc0Fk\nXPmj9PW6L+d/G1ZROUXzhLztfPwD8c1tn/JheDZHzL83gjbxZt2jOdAxLwJkHoA5\nTfcEqWex8mfcthlMZAqyF5WShR0mfQrh8POeQDPNSH4drwAnUqUYOv+CVRnZemhD\nqVny7Pk0R9xYxMDycKyhklPfxc02TxTA0YrPVyMaTZ6OXkHyuJ/BLzvMXNXfOaGD\nWZoOlXEr2/FirlSmU93FChb2mGcFVXtceL+Al4/UJxamUfcQ6POsvOuGziZzLy8x\nNIXmAVXl+1IqnX3xHHxRHRyUswgVwd2Vw3NritaZSVXFRnbKUYnaiggIlUrPwdpy\ny8Gj4mTUnuZ2hX19XlfEGtKs7d6L0oRO+eaLd1wnesmZQ9Fm8hcK4gOFZrYGjMxA\nghUfXZpKcgitq6Acp5Bsuw2hxWrUz1E+4LD0jdlGXCrCy7gdinevKgFFaG1YZapm\nPiYd78zRZnO1T3jQ00SaPXlmP2R90fiN/7GweucismUz6xdETCi68a6jB8CJtaU/\n0ZOZbdU5xwDL6RHM2BkpOIizFxlb0PlOKYswZ1CHnqxIqImNal2I9b6/Y3MCAwEA\nAQKCAgAW3ACu3M0qJPiyWaRPWr0dWPns4j3AmwZLCWKbt8JWHg1bVUIOiRhqvujy\nkIAGGr8hbx5OqsRRGR8/M4EaylGGrbXsTcAPHwcJLTTE3sQnaqfdi7jT3Q0y28lU\nyV5VSpNvUSjiTbdr+q5xKQO+pkyraAU+x52neQCklD6DFcMxdFznLzp61UC7PfdD\nE9QWJrRIZ9/4J4RvykYgFUWQwJxKC9YLlqf3OxIDj0b+q2Cq6v0KH3V2hBNjE2iC\n+Su+xbca8EFoefVIlQul/A+N2O1Oir48OlLcPaHPM/tnuxPb6bRO7FWAZK24y1hq\n59OrzCvrd5k0L/QeDGQg3csZCKY3ri5EHEkGNSiPk0fHvnQtm++bWiMZM2p4QTMy\n7XWHwK5bJG0/MhnCc28FpAQ8vSdJ0H/e+GhHHwOZxJR5I+WPaq/6SPQDokCjvh0o\ncCJS8USDlnWNyC3XIrQnp1IcBNfL9cYizmDW7/M5mnnWMLbfnrc37Ja/CTAvlNh9\nYUgBUSROxP5AQm3T02/+DgI4mEbu8XZzfkI7L7samChtjl+hUhi+vhIvN41D9dDP\nTm9n/LSZwVo+AsGhNY3FhVAWIEf4SqdSL/R0jvZfeUqU+sOvVr1Y0au8aBdTMhx8\nV5jJWEc3EzkVxEtQGBAeiX8wz8GQ6H1ZduO8S9olDfN43/UpaQKCAQEA29BP9GIn\ncy3FI8cYDEprH2jUq+VbuQ+CCf4/RrG1VBpMqTl/mT36dwwims4HymuW3eoVLKIK\n98unykqlHIXHfjbxjizfF/We4s70HzB9EDibqCjqt1J/qJGVcc1KnmXVw9UTaVpb\nbbvttKE9T2wFurEa9l2B6F2j1ecNngOThgFoOkyN+DdY+BDMAebo9sILafSupq/O\njBfsYoHCwrScKvBsEoY/V5gx4qAqOU3S68aO2q2j8HHyHsI/ZEMmIhJiw7Yva1Ko\nO8RU53xqL12/vKbGJNcKk9tRMIXsJ4CYrmIrIyzYAfR65NliGInZ1mJ3i2n2wjKL\ng6vYLFDtpIw6eQKCAQEA3KWCIiYKwAOOInComopC4EgIlOz6qcmCdrSgpqj1sGZE\np4UeE5FdijUdV2gXTJpEK2SMreWO8piom/23jTKzHV/RzjruOW4ZErjwMhmxnLLK\nEXP5jG7MyoBi3r9pWtU8aCEtEb/cVjHvds94sF+/8vAXoXNzbfe3oSFbhWjKvR+S\nfw/27ogFjdpJZnt6nea2zb4A9DYqWgASKyinTa2rZGGBXGfcbwjwPPLUbZjstUt0\nR93TRk6kvexLJIAXZnd4KBkrSALAgT4R6Oi6ggRiNV1XSwnWTSytV62brw7Goiwi\nF9xDFfdNHl/vXjGdAG9ROykV5gAwn286W4wlUovSSwKCAQBHXgT3lX61eKDPEu8N\n3oOVORYDkX4MQaq4z+F/dGcpHTjSoKZ6/JJ7YGdD16zT3can2j5xtVLWTTr3BPFC\np3Sz1+bpgEwWnVquzP6ZucaBI7/2AwLh7lkgQ9Q/lKWrc+jJoj6hMAMLR77PrKIZ\nTTs2+BWG86kf5ncxFcloCkU1dvN+KijV9DJgqCN0YqI0q5/FEPo7iE0JUyMegH7Z\ndIZXsqOECC48pF9d8x6CaHAYuOjcuw/FG1m+/tZSGTMiUNHcNSSENdwFO6NNXSmk\no02DVKp0f5UhmE1t8a1QzgHEbH8Q9phTWiskbifZS7h8UI/7pbXGK178qyiOit/9\nUsIRAoIBAAkuXd7b5GCfBUALnghoLmY0uR6xSbDc8K/Nzk2BBFAlwT+TO3AnAVRp\n52GmtCl81c9UbMIjpjIUBhgPk56teGSFgy5op1b+bM6poV0EUq6phdz6DW05gw3+\nD58jKdgcvVm736s4Z4uyojs4YNY99be/I8yVCD2QLDTpNWy0spLyCF9/I5BDWq/P\nYHSCONTvL7YZ7OI8isCZ9ieTlnqV+ma/4+kbbUG1hoGSvSIeVeMpU5pV8Z+gUByT\nA4FuTwr1d6t7eKCTdL0r/wTJAlG8qvV7f9FghGlLrZ7TW4IKRFulKHoDsUrtsmjM\nJyKtP9Ivz5p9mCqs4VkRAMWkbD0mEkcCggEBAIbQANgxM1JA2d2GAo+251IoIQ8N\nnCqVlT3xPtZNqIkdZgQ2hNVSvom0UBZ6BuT6OjNL0m8Lq6vJAZc7mYF/kZc9ODM4\nRfg39/Wa6ZlJUZ2xCAbK6ClZlLRv/h5nPPch+BXZ6gNaMkdvulhKOTwrzTSYOPz1\nCk+QUCduVHRZgWMdqim1TIQOE2lIdi9E+tDcFguqQdMVx6CTTFotJseAHI9Fup8l\nBEQq5YC78Eia/9VQzq9Zv5YHJRRb/UNtlvruzhE9S2VvXU+J1AviXx8TYUM7hXc6\nlCkz5bZNXm6z+Yl7wMeF8ZDg/07edu/1oEMAxMrAdJXaZIPR+t4FEnWobPA=\n-----END RSA PRIVATE KEY-----\n","content_base64":null,"content_base64sha256":"bI91KtMAsMqD9AEaMBx2isagcfsL/zR78PN/cbMyi5Y=","content_base64sha512":"KhmH5ErMIL1IqnSmTzcpKWvr3/PK0yW1EYN5QE4n5yf3Y08vo/jAemNafhF5rxGU+o7jYpRGkcF7o/S8lV76Dg==","content_md5":"d05b3ee78965dc8916deba512eb0922e","content_sha1":"2319d9190cc844fa278efeb5d6c9095385a7af2e","content_sha256":"6c8f752ad300b0ca83f4011a301c768ac6a071fb0bff347bf0f37f71b3328b96","content_sha512":"2a1987e44acc20bd48aa74a64f3729296bebdff3cad325b5118379404e27e727f7634f2fa3f8c07a635a7e1179af1194fa8ee362944691c17ba3f4bc955efa0e","directory_permission":"0700","file_permission":"0400","filename":"./ec2-sandbox-key.pem","id":"2319d9190cc844fa278efeb5d6c9095385a7af2e","source":null},"sensitive_attributes":[[{"type":"get_attr","value":"content"}],[{"type":"get_attr","value":"content_base64"}]],"dependencies":["tls_private_key.ec2_access"]}]},{"mode":"managed","type":"random_id","name":"bucket_suffix","provider":"provider[\"registry.opentofu.org/hashicorp/random\"]","instances":[{"schema_version":0,"attributes":{"b64_std":"TCnwDg==","b64_url":"TCnwDg","byte_length":4,"dec":"1277816846","hex":"4c29f00e","id":"TCnwDg","keepers":null,"prefix":null},"sensitive_attributes":[]}]},{"mode":"managed","type":"tls_private_key","name":"ec2_access","provider":"provider[\"registry.opentofu.org/hashicorp/tls\"]","instances":[{"schema_version":1,"attributes":{"algorithm":"RSA","ecdsa_curve":"P224","id":"9e5df96913dd08e25d6721b60c1169a6972c5638","private_key_openssh":"-----BEGIN OPENSSH PRIVATE KEY-----\nb3BlbnNzaC1rZXktdjEAAAAABG5vbmUAAAAEbm9uZQAAAAAAAAABAAACFwAAAAdz\nc2gtcnNhAAAAAwEAAQAAAgEAvXUhtqfMCZZTNmI2dBiOD7RZm4w//8Qi91ygrVgT\nfD/CqcIteq/8PUuRZGxohh6RqG99ItIschGnucWjlLFbWBT/f6hXkYJcPbabCwpx\nBlKxc0FkXPmj9PW6L+d/G1ZROUXzhLztfPwD8c1tn/JheDZHzL83gjbxZt2jOdAx\nLwJkHoA5TfcEqWex8mfcthlMZAqyF5WShR0mfQrh8POeQDPNSH4drwAnUqUYOv+C\nVRnZemhDqVny7Pk0R9xYxMDycKyhklPfxc02TxTA0YrPVyMaTZ6OXkHyuJ/BLzvM\nXNXfOaGDWZoOlXEr2/FirlSmU93FChb2mGcFVXtceL+Al4/UJxamUfcQ6POsvOuG\nziZzLy8xNIXmAVXl+1IqnX3xHHxRHRyUswgVwd2Vw3NritaZSVXFRnbKUYnaiggI\nlUrPwdpyy8Gj4mTUnuZ2hX19XlfEGtKs7d6L0oRO+eaLd1wnesmZQ9Fm8hcK4gOF\nZrYGjMxAghUfXZpKcgitq6Acp5Bsuw2hxWrUz1E+4LD0jdlGXCrCy7gdinevKgFF\naG1YZapmPiYd78zRZnO1T3jQ00SaPXlmP2R90fiN/7GweucismUz6xdETCi68a6j\nB8CJtaU/0ZOZbdU5xwDL6RHM2BkpOIizFxlb0PlOKYswZ1CHnqxIqImNal2I9b6/\nY3MAAAc4urIeyrqyHsoAAAAHc3NoLXJzYQAAAgEAvXUhtqfMCZZTNmI2dBiOD7RZ\nm4w//8Qi91ygrVgTfD/CqcIteq/8PUuRZGxohh6RqG99ItIschGnucWjlLFbWBT/\nf6hXkYJcPbabCwpxBlKxc0FkXPmj9PW6L+d/G1ZROUXzhLztfPwD8c1tn/JheDZH\nzL83gjbxZt2jOdAxLwJkHoA5TfcEqWex8mfcthlMZAqyF5WShR0mfQrh8POeQDPN\nSH4drwAnUqUYOv+CVRnZemhDqVny7Pk0R9xYxMDycKyhklPfxc02TxTA0YrPVyMa\nTZ6OXkHyuJ/BLzvMXNXfOaGDWZoOlXEr2/FirlSmU93FChb2mGcFVXtceL+Al4/U\nJxamUfcQ6POsvOuGziZzLy8xNIXmAVXl+1IqnX3xHHxRHRyUswgVwd2Vw3NritaZ\nSVXFRnbKUYnaiggIlUrPwdpyy8Gj4mTUnuZ2hX19XlfEGtKs7d6L0oRO+eaLd1wn\nesmZQ9Fm8hcK4gOFZrYGjMxAghUfXZpKcgitq6Acp5Bsuw2hxWrUz1E+4LD0jdlG\nXCrCy7gdinevKgFFaG1YZapmPiYd78zRZnO1T3jQ00SaPXlmP2R90fiN/7Gweuci\nsmUz6xdETCi68a6jB8CJtaU/0ZOZbdU5xwDL6RHM2BkpOIizFxlb0PlOKYswZ1CH\nnqxIqImNal2I9b6/Y3MAAAADAQABAAACABbcAK7czSok+LJZpE9avR1Y+eziPcCb\nBksJYpu3wlYeDVtVQg6JGGq+6PKQgAYavyFvHk6qxFEZHz8zgRrKUYattexNwA8f\nBwktNMTexCdqp92LuNPdDTLbyVTJXlVKk29RKOJNt2v6rnEpA76mTKtoBT7Hnad5\nAKSUPoMVwzF0XOcvOnrVQLs990MT1BYmtEhn3/gnhG/KRiAVRZDAnEoL1guWp/c7\nEgOPRv6rYKrq/QofdXaEE2MTaIL5K77FtxrwQWh59UiVC6X8D43Y7U6Kvjw6Utw9\noc8z+2e7E9vptE7sVYBkrbjLWGrn06vMK+t3mTQv9B4MZCDdyxkIpjeuLkQcSQY1\nKI+TR8e+dC2b75taIxkzanhBMzLtdYfArlskbT8yGcJzbwWkBDy9J0nQf974aEcf\nA5nElHkj5Y9qr/pI9AOiQKO+HShwIlLxRIOWdY3ILdcitCenUhwE18v1xiLOYNbv\n8zmaedYwtt+etzfslr8JMC+U2H1hSAFRJE7E/kBCbdPTb/4OAjiYRu7xdnN+Qjsv\nuxqYKG2OX6FSGL6+Ei83jUP10M9Ob2f8tJnBWj4CwaE1jcWFUBYgR/hKp1Iv9HSO\n9l95SpT6w69WvVjRq7xoF1MyHHxXmMlYRzcTORXES1AYEB6JfzDPwZDofVl247xL\n2iUN83jf9SlpAAABAQCG0ADYMTNSQNndhgKPtudSKCEPDZwqlZU98T7WTaiJHWYE\nNoTVUr6JtFAWegbk+jozS9JvC6uryQGXO5mBf5GXPTgzOEX4N/f1mumZSVGdsQgG\nyugpWZS0b/4eZzz3IfgV2eoDWjJHb7pYSjk8K800mDj89QpPkFAnblR0WYFjHaop\ntUyEDhNpSHYvRPrQ3BYLqkHTFcegk0xaLSbHgByPRbqfJQREKuWAu/BImv/VUM6v\nWb+WByUUW/1DbZb67s4RPUtlb11PidQL4l8fE2FDO4V3OpQpM+W2TV5us/mJe8DH\nhfGQ4P9O3nbv9aBDAMTKwHSV2mSD0freBRJ1qGzwAAABAQDb0E/0YidzLcUjxxgM\nSmsfaNSr5Vu5D4IJ/j9GsbVUGkypOX+ZPfp3DCKazgfKa5bd6hUsogr3y6fKSqUc\nhcd+NvGOLN8X9Z7izvQfMH0QOJuoKOq3Un+okZVxzUqeZdXD1RNpWlttu+20oT1P\nbAW6sRr2XYHoXaPV5w2eA5OGAWg6TI34N1j4EMwB5uj2wgtp9K6mr86MF+xigcLC\ntJwq8GwShj9XmDHioCo5TdLrxo7araPwcfIewj9kQyYiEmLDti9rUqg7xFTnfGov\nXb+8psYk1wqT21EwhewngJiuYisjLNgB9Hrk2WIYidnWYneLafbCMouDq9gsUO2k\njDp5AAABAQDcpYIiJgrAA44icKiaikLgSAiU7PqpyYJ2tKCmqPWwZkSnhR4TkV2K\nNR1XaBdMmkQrZIyt5Y7ymKib/beNMrMdX9HOOu45bhkSuPAyGbGcssoRc/mMbszK\ngGLev2la1TxoIS0Rv9xWMe92z3iwX7/y8Behc3Nt97ehIVuFaMq9H5J/D/buiAWN\n2klme3qd5rbNvgD0NipaABIrKKdNratkYYFcZ9xvCPA88tRtmOy1S3RH3dNGTqS9\n7EskgBdmd3goGStIAsCBPhHo6LqCBGI1XVdLCdZNLK1XrZuvDsaiLCIX3EMV900e\nX+9eMZ0Ab1E7KRXmADCfbzpbjCVSi9JLAAAAAAEC\n-----END OPENSSH PRIVATE KEY-----\n","private_key_pem":"-----BEGIN RSA PRIVATE KEY-----\nMIIJKAIBAAKCAgEAvXUhtqfMCZZTNmI2dBiOD7RZm4w//8Qi91ygrVgTfD/CqcIt\neq/8PUuRZGxohh6RqG99ItIschGnucWjlLFbWBT/f6hXkYJcPbabCwpxBlKxc0Fk\nXPmj9PW6L+d/G1ZROUXzhLztfPwD8c1tn/JheDZHzL83gjbxZt2jOdAxLwJkHoA5\nTfcEqWex8mfcthlMZAqyF5WShR0mfQrh8POeQDPNSH4drwAnUqUYOv+CVRnZemhD\nqVny7Pk0R9xYxMDycKyhklPfxc02TxTA0YrPVyMaTZ6OXkHyuJ/BLzvMXNXfOaGD\nWZoOlXEr2/FirlSmU93FChb2mGcFVXtceL+Al4/UJxamUfcQ6POsvOuGziZzLy8x\nNIXmAVXl+1IqnX3xHHxRHRyUswgVwd2Vw3NritaZSVXFRnbKUYnaiggIlUrPwdpy\ny8Gj4mTUnuZ2hX19XlfEGtKs7d6L0oRO+eaLd1wnesmZQ9Fm8hcK4gOFZrYGjMxA\nghUfXZpKcgitq6Acp5Bsuw2hxWrUz1E+4LD0jdlGXCrCy7gdinevKgFFaG1YZapm\nPiYd78zRZnO1T3jQ00SaPXlmP2R90fiN/7GweucismUz6xdETCi68a6jB8CJtaU/\n0ZOZbdU5xwDL6RHM2BkpOIizFxlb0PlOKYswZ1CHnqxIqImNal2I9b6/Y3MCAwEA\nAQKCAgAW3ACu3M0qJPiyWaRPWr0dWPns4j3AmwZLCWKbt8JWHg1bVUIOiRhqvujy\nkIAGGr8hbx5OqsRRGR8/M4EaylGGrbXsTcAPHwcJLTTE3sQnaqfdi7jT3Q0y28lU\nyV5VSpNvUSjiTbdr+q5xKQO+pkyraAU+x52neQCklD6DFcMxdFznLzp61UC7PfdD\nE9QWJrRIZ9/4J4RvykYgFUWQwJxKC9YLlqf3OxIDj0b+q2Cq6v0KH3V2hBNjE2iC\n+Su+xbca8EFoefVIlQul/A+N2O1Oir48OlLcPaHPM/tnuxPb6bRO7FWAZK24y1hq\n59OrzCvrd5k0L/QeDGQg3csZCKY3ri5EHEkGNSiPk0fHvnQtm++bWiMZM2p4QTMy\n7XWHwK5bJG0/MhnCc28FpAQ8vSdJ0H/e+GhHHwOZxJR5I+WPaq/6SPQDokCjvh0o\ncCJS8USDlnWNyC3XIrQnp1IcBNfL9cYizmDW7/M5mnnWMLbfnrc37Ja/CTAvlNh9\nYUgBUSROxP5AQm3T02/+DgI4mEbu8XZzfkI7L7samChtjl+hUhi+vhIvN41D9dDP\nTm9n/LSZwVo+AsGhNY3FhVAWIEf4SqdSL/R0jvZfeUqU+sOvVr1Y0au8aBdTMhx8\nV5jJWEc3EzkVxEtQGBAeiX8wz8GQ6H1ZduO8S9olDfN43/UpaQKCAQEA29BP9GIn\ncy3FI8cYDEprH2jUq+VbuQ+CCf4/RrG1VBpMqTl/mT36dwwims4HymuW3eoVLKIK\n98unykqlHIXHfjbxjizfF/We4s70HzB9EDibqCjqt1J/qJGVcc1KnmXVw9UTaVpb\nbbvttKE9T2wFurEa9l2B6F2j1ecNngOThgFoOkyN+DdY+BDMAebo9sILafSupq/O\njBfsYoHCwrScKvBsEoY/V5gx4qAqOU3S68aO2q2j8HHyHsI/ZEMmIhJiw7Yva1Ko\nO8RU53xqL12/vKbGJNcKk9tRMIXsJ4CYrmIrIyzYAfR65NliGInZ1mJ3i2n2wjKL\ng6vYLFDtpIw6eQKCAQEA3KWCIiYKwAOOInComopC4EgIlOz6qcmCdrSgpqj1sGZE\np4UeE5FdijUdV2gXTJpEK2SMreWO8piom/23jTKzHV/RzjruOW4ZErjwMhmxnLLK\nEXP5jG7MyoBi3r9pWtU8aCEtEb/cVjHvds94sF+/8vAXoXNzbfe3oSFbhWjKvR+S\nfw/27ogFjdpJZnt6nea2zb4A9DYqWgASKyinTa2rZGGBXGfcbwjwPPLUbZjstUt0\nR93TRk6kvexLJIAXZnd4KBkrSALAgT4R6Oi6ggRiNV1XSwnWTSytV62brw7Goiwi\nF9xDFfdNHl/vXjGdAG9ROykV5gAwn286W4wlUovSSwKCAQBHXgT3lX61eKDPEu8N\n3oOVORYDkX4MQaq4z+F/dGcpHTjSoKZ6/JJ7YGdD16zT3can2j5xtVLWTTr3BPFC\np3Sz1+bpgEwWnVquzP6ZucaBI7/2AwLh7lkgQ9Q/lKWrc+jJoj6hMAMLR77PrKIZ\nTTs2+BWG86kf5ncxFcloCkU1dvN+KijV9DJgqCN0YqI0q5/FEPo7iE0JUyMegH7Z\ndIZXsqOECC48pF9d8x6CaHAYuOjcuw/FG1m+/tZSGTMiUNHcNSSENdwFO6NNXSmk\no02DVKp0f5UhmE1t8a1QzgHEbH8Q9phTWiskbifZS7h8UI/7pbXGK178qyiOit/9\nUsIRAoIBAAkuXd7b5GCfBUALnghoLmY0uR6xSbDc8K/Nzk2BBFAlwT+TO3AnAVRp\n52GmtCl81c9UbMIjpjIUBhgPk56teGSFgy5op1b+bM6poV0EUq6phdz6DW05gw3+\nD58jKdgcvVm736s4Z4uyojs4YNY99be/I8yVCD2QLDTpNWy0spLyCF9/I5BDWq/P\nYHSCONTvL7YZ7OI8isCZ9ieTlnqV+ma/4+kbbUG1hoGSvSIeVeMpU5pV8Z+gUByT\nA4FuTwr1d6t7eKCTdL0r/wTJAlG8qvV7f9FghGlLrZ7TW4IKRFulKHoDsUrtsmjM\nJyKtP9Ivz5p9mCqs4VkRAMWkbD0mEkcCggEBAIbQANgxM1JA2d2GAo+251IoIQ8N\nnCqVlT3xPtZNqIkdZgQ2hNVSvom0UBZ6BuT6OjNL0m8Lq6vJAZc7mYF/kZc9ODM4\nRfg39/Wa6ZlJUZ2xCAbK6ClZlLRv/h5nPPch+BXZ6gNaMkdvulhKOTwrzTSYOPz1\nCk+QUCduVHRZgWMdqim1TIQOE2lIdi9E+tDcFguqQdMVx6CTTFotJseAHI9Fup8l\nBEQq5YC78Eia/9VQzq9Zv5YHJRRb/UNtlvruzhE9S2VvXU+J1AviXx8TYUM7hXc6\nlCkz5bZNXm6z+Yl7wMeF8ZDg/07edu/1oEMAxMrAdJXaZIPR+t4FEnWobPA=\n-----END RSA PRIVATE KEY-----\n","private_key_pem_pkcs8":"-----BEGIN PRIVATE KEY-----\nMIIJQgIBADANBgkqhkiG9w0BAQEFAASCCSwwggkoAgEAAoICAQC9dSG2p8wJllM2\nYjZ0GI4PtFmbjD//xCL3XKCtWBN8P8Kpwi16r/w9S5FkbGiGHpGob30i0ixyEae5\nxaOUsVtYFP9/qFeRglw9tpsLCnEGUrFzQWRc+aP09bov538bVlE5RfOEvO18/APx\nzW2f8mF4NkfMvzeCNvFm3aM50DEvAmQegDlN9wSpZ7HyZ9y2GUxkCrIXlZKFHSZ9\nCuHw855AM81Ifh2vACdSpRg6/4JVGdl6aEOpWfLs+TRH3FjEwPJwrKGSU9/FzTZP\nFMDRis9XIxpNno5eQfK4n8EvO8xc1d85oYNZmg6VcSvb8WKuVKZT3cUKFvaYZwVV\ne1x4v4CXj9QnFqZR9xDo86y864bOJnMvLzE0heYBVeX7UiqdffEcfFEdHJSzCBXB\n3ZXDc2uK1plJVcVGdspRidqKCAiVSs/B2nLLwaPiZNSe5naFfX1eV8Qa0qzt3ovS\nhE755ot3XCd6yZlD0WbyFwriA4VmtgaMzECCFR9dmkpyCK2roBynkGy7DaHFatTP\nUT7gsPSN2UZcKsLLuB2Kd68qAUVobVhlqmY+Jh3vzNFmc7VPeNDTRJo9eWY/ZH3R\n+I3/sbB65yKyZTPrF0RMKLrxrqMHwIm1pT/Rk5lt1TnHAMvpEczYGSk4iLMXGVvQ\n+U4pizBnUIeerEioiY1qXYj1vr9jcwIDAQABAoICABbcAK7czSok+LJZpE9avR1Y\n+eziPcCbBksJYpu3wlYeDVtVQg6JGGq+6PKQgAYavyFvHk6qxFEZHz8zgRrKUYat\ntexNwA8fBwktNMTexCdqp92LuNPdDTLbyVTJXlVKk29RKOJNt2v6rnEpA76mTKto\nBT7Hnad5AKSUPoMVwzF0XOcvOnrVQLs990MT1BYmtEhn3/gnhG/KRiAVRZDAnEoL\n1guWp/c7EgOPRv6rYKrq/QofdXaEE2MTaIL5K77FtxrwQWh59UiVC6X8D43Y7U6K\nvjw6Utw9oc8z+2e7E9vptE7sVYBkrbjLWGrn06vMK+t3mTQv9B4MZCDdyxkIpjeu\nLkQcSQY1KI+TR8e+dC2b75taIxkzanhBMzLtdYfArlskbT8yGcJzbwWkBDy9J0nQ\nf974aEcfA5nElHkj5Y9qr/pI9AOiQKO+HShwIlLxRIOWdY3ILdcitCenUhwE18v1\nxiLOYNbv8zmaedYwtt+etzfslr8JMC+U2H1hSAFRJE7E/kBCbdPTb/4OAjiYRu7x\ndnN+QjsvuxqYKG2OX6FSGL6+Ei83jUP10M9Ob2f8tJnBWj4CwaE1jcWFUBYgR/hK\np1Iv9HSO9l95SpT6w69WvVjRq7xoF1MyHHxXmMlYRzcTORXES1AYEB6JfzDPwZDo\nfVl247xL2iUN83jf9SlpAoIBAQDb0E/0YidzLcUjxxgMSmsfaNSr5Vu5D4IJ/j9G\nsbVUGkypOX+ZPfp3DCKazgfKa5bd6hUsogr3y6fKSqUchcd+NvGOLN8X9Z7izvQf\nMH0QOJuoKOq3Un+okZVxzUqeZdXD1RNpWlttu+20oT1PbAW6sRr2XYHoXaPV5w2e\nA5OGAWg6TI34N1j4EMwB5uj2wgtp9K6mr86MF+xigcLCtJwq8GwShj9XmDHioCo5\nTdLrxo7araPwcfIewj9kQyYiEmLDti9rUqg7xFTnfGovXb+8psYk1wqT21Ewhewn\ngJiuYisjLNgB9Hrk2WIYidnWYneLafbCMouDq9gsUO2kjDp5AoIBAQDcpYIiJgrA\nA44icKiaikLgSAiU7PqpyYJ2tKCmqPWwZkSnhR4TkV2KNR1XaBdMmkQrZIyt5Y7y\nmKib/beNMrMdX9HOOu45bhkSuPAyGbGcssoRc/mMbszKgGLev2la1TxoIS0Rv9xW\nMe92z3iwX7/y8Behc3Nt97ehIVuFaMq9H5J/D/buiAWN2klme3qd5rbNvgD0Nipa\nABIrKKdNratkYYFcZ9xvCPA88tRtmOy1S3RH3dNGTqS97EskgBdmd3goGStIAsCB\nPhHo6LqCBGI1XVdLCdZNLK1XrZuvDsaiLCIX3EMV900eX+9eMZ0Ab1E7KRXmADCf\nbzpbjCVSi9JLAoIBAEdeBPeVfrV4oM8S7w3eg5U5FgORfgxBqrjP4X90ZykdONKg\npnr8kntgZ0PXrNPdxqfaPnG1UtZNOvcE8UKndLPX5umATBadWq7M/pm5xoEjv/YD\nAuHuWSBD1D+Upatz6MmiPqEwAwtHvs+sohlNOzb4FYbzqR/mdzEVyWgKRTV2834q\nKNX0MmCoI3RiojSrn8UQ+juITQlTIx6Aftl0hleyo4QILjykX13zHoJocBi46Ny7\nD8UbWb7+1lIZMyJQ0dw1JIQ13AU7o01dKaSjTYNUqnR/lSGYTW3xrVDOAcRsfxD2\nmFNaKyRuJ9lLuHxQj/ultcYrXvyrKI6K3/1SwhECggEACS5d3tvkYJ8FQAueCGgu\nZjS5HrFJsNzwr83OTYEEUCXBP5M7cCcBVGnnYaa0KXzVz1RswiOmMhQGGA+Tnq14\nZIWDLminVv5szqmhXQRSrqmF3PoNbTmDDf4PnyMp2By9Wbvfqzhni7KiOzhg1j31\nt78jzJUIPZAsNOk1bLSykvIIX38jkENar89gdII41O8vthns4jyKwJn2J5OWepX6\nZr/j6RttQbWGgZK9Ih5V4ylTmlXxn6BQHJMDgW5PCvV3q3t4oJN0vSv/BMkCUbyq\n9Xt/0WCEaUutntNbggpEW6UoegOxSu2yaMwnIq0/0i/Pmn2YKqzhWREAxaRsPSYS\nRwKCAQEAhtAA2DEzUkDZ3YYCj7bnUighDw2cKpWVPfE+1k2oiR1mBDaE1VK+ibRQ\nFnoG5Po6M0vSbwurq8kBlzuZgX+Rlz04MzhF+Df39ZrpmUlRnbEIBsroKVmUtG/+\nHmc89yH4FdnqA1oyR2+6WEo5PCvNNJg4/PUKT5BQJ25UdFmBYx2qKbVMhA4TaUh2\nL0T60NwWC6pB0xXHoJNMWi0mx4Acj0W6nyUERCrlgLvwSJr/1VDOr1m/lgclFFv9\nQ22W+u7OET1LZW9dT4nUC+JfHxNhQzuFdzqUKTPltk1ebrP5iXvAx4XxkOD/Tt52\n7/WgQwDEysB0ldpkg9H63gUSdahs8A==\n-----END PRIVATE KEY-----\n","public_key_fingerprint_md5":"75:8a:cc:13:42:d8:2b:d1:95:1d:5f:37:36:13:e4:5a","public_key_fingerprint_sha256":"SHA256:+8QLUY9FUC1q3mV1tiS/9i3MUcFJD/u3gpNdSGW0XxE","public_key_openssh":"ssh-rsa AAAAB3NzaC1yc2EAAAADAQABAAACAQC9dSG2p8wJllM2YjZ0GI4PtFmbjD//xCL3XKCtWBN8P8Kpwi16r/w9S5FkbGiGHpGob30i0ixyEae5xaOUsVtYFP9/qFeRglw9tpsLCnEGUrFzQWRc+aP09bov538bVlE5RfOEvO18/APxzW2f8mF4NkfMvzeCNvFm3aM50DEvAmQegDlN9wSpZ7HyZ9y2GUxkCrIXlZKFHSZ9CuHw855AM81Ifh2vACdSpRg6/4JVGdl6aEOpWfLs+TRH3FjEwPJwrKGSU9/FzTZPFMDRis9XIxpNno5eQfK4n8EvO8xc1d85oYNZmg6VcSvb8WKuVKZT3cUKFvaYZwVVe1x4v4CXj9QnFqZR9xDo86y864bOJnMvLzE0heYBVeX7UiqdffEcfFEdHJSzCBXB3ZXDc2uK1plJVcVGdspRidqKCAiVSs/B2nLLwaPiZNSe5naFfX1eV8Qa0qzt3ovShE755ot3XCd6yZlD0WbyFwriA4VmtgaMzECCFR9dmkpyCK2roBynkGy7DaHFatTPUT7gsPSN2UZcKsLLuB2Kd68qAUVobVhlqmY+Jh3vzNFmc7VPeNDTRJo9eWY/ZH3R+I3/sbB65yKyZTPrF0RMKLrxrqMHwIm1pT/Rk5lt1TnHAMvpEczYGSk4iLMXGVvQ+U4pizBnUIeerEioiY1qXYj1vr9jcw==\n","public_key_pem":"-----BEGIN PUBLIC KEY-----\nMIICIjANBgkqhkiG9w0BAQEFAAOCAg8AMIICCgKCAgEAvXUhtqfMCZZTNmI2dBiO\nD7RZm4w//8Qi91ygrVgTfD/CqcIteq/8PUuRZGxohh6RqG99ItIschGnucWjlLFb\nWBT/f6hXkYJcPbabCwpxBlKxc0FkXPmj9PW6L+d/G1ZROUXzhLztfPwD8c1tn/Jh\neDZHzL83gjbxZt2jOdAxLwJkHoA5TfcEqWex8mfcthlMZAqyF5WShR0mfQrh8POe\nQDPNSH4drwAnUqUYOv+CVRnZemhDqVny7Pk0R9xYxMDycKyhklPfxc02TxTA0YrP\nVyMaTZ6OXkHyuJ/BLzvMXNXfOaGDWZoOlXEr2/FirlSmU93FChb2mGcFVXtceL+A\nl4/UJxamUfcQ6POsvOuGziZzLy8xNIXmAVXl+1IqnX3xHHxRHRyUswgVwd2Vw3Nr\nitaZSVXFRnbKUYnaiggIlUrPwdpyy8Gj4mTUnuZ2hX19XlfEGtKs7d6L0oRO+eaL\nd1wnesmZQ9Fm8hcK4gOFZrYGjMxAghUfXZpKcgitq6Acp5Bsuw2hxWrUz1E+4LD0\njdlGXCrCy7gdinevKgFFaG1YZapmPiYd78zRZnO1T3jQ00SaPXlmP2R90fiN/7Gw\neucismUz6xdETCi68a6jB8CJtaU/0ZOZbdU5xwDL6RHM2BkpOIizFxlb0PlOKYsw\nZ1CHnqxIqImNal2I9b6/Y3MCAwEAAQ==\n-----END PUBLIC KEY-----\n","rsa_bits":4096},"sensitive_attributes":[[{"type":"get_attr","value":"private_key_openssh"}],[{"type":"get_attr","value":"private_key_pem"}],[{"type":"get_attr","value":"private_key_pem_pkcs8"}]]}]}],"check_results":null}
